
Microsoft Visual Studio Solution File, Format Version 12.00
# Visual Studio 15
VisualStudioVersion = 15.0.26430.16
MinimumVisualStudioVersion = 10.0.40219.1
Project("{9A19103F-16F7-4668-BE54-9A1E7A4F7556}") = "BasicSendReceiveUsingQueueClient", "BasicSendReceiveUsingQueueClient\BasicSendReceiveUsingQueueClient.csproj", "{C7403021-8C99-4FD2-AD6D-943F1ABB439F}"
EndProject
Project("{9A19103F-16F7-4668-BE54-9A1E7A4F7556}") = "SendReceiveUsingMessageSenderReceiver", "SendReceiveUsingMessageSenderReceiver\SendReceiveUsingMessageSenderReceiver.csproj", "{45D687AA-081B-4D4E-82C3-58A2BD5F02A8}"
EndProject
Project("{9A19103F-16F7-4668-BE54-9A1E7A4F7556}") = "BasicSessionSendReceiveUsingQueueClient", "BasicSessionSendReceiveUsingQueueClient\BasicSessionSendReceiveUsingQueueClient.csproj", "{3F7B9F6A-0B84-4B4E-A68F-77D4E35EDD57}"
EndProject
Project("{9A19103F-16F7-4668-BE54-9A1E7A4F7556}") = "SessionSendReceiveUsingSessionClient", "SessionSendReceiveUsingSessionClient\SessionSendReceiveUsingSessionClient.csproj", "{C61629D8-2605-4554-8747-9503572E2B2D}"
EndProject
Project("{9A19103F-16F7-4668-BE54-9A1E7A4F7556}") = "BasicSendReceiveUsingTopicSubscriptionClient", "BasicSendReceiveUsingTopicSubscriptionClient\BasicSendReceiveUsingTopicSubscriptionClient.csproj", "{BAA95098-988E-48A1-B8B5-5367B7B2A667}"
EndProject
Project("{9A19103F-16F7-4668-BE54-9A1E7A4F7556}") = "TopicSubscriptionWithRuleOperationsSample", "TopicSubscriptionWithRuleOperationsSample\TopicSubscriptionWithRuleOperationsSample.csproj", "{BCFACFBC-0DFE-4444-8682-AEFA98D1E398}"
EndProject
Project("{FAE04EC0-301F-11D3-BF4B-00C04F79EFBC}") = "BasicUwpSendReceiveSample", "BasicUwpSendReceiveSample\BasicUwpSendReceiveSample.csproj", "{30F6317B-18E1-4007-87E1-1BF212E3DE39}"
EndProject
Global
	GlobalSection(SolutionConfigurationPlatforms) = preSolution
		Debug|Any CPU = Debug|Any CPU
		Debug|ARM = Debug|ARM
		Debug|x64 = Debug|x64
		Debug|x86 = Debug|x86
		Release|Any CPU = Release|Any CPU
		Release|ARM = Release|ARM
		Release|x64 = Release|x64
		Release|x86 = Release|x86
	EndGlobalSection
	GlobalSection(ProjectConfigurationPlatforms) = postSolution
		{C7403021-8C99-4FD2-AD6D-943F1ABB439F}.Debug|Any CPU.ActiveCfg = Debug|Any CPU
		{C7403021-8C99-4FD2-AD6D-943F1ABB439F}.Debug|Any CPU.Build.0 = Debug|Any CPU
		{C7403021-8C99-4FD2-AD6D-943F1ABB439F}.Debug|ARM.ActiveCfg = Debug|Any CPU
		{C7403021-8C99-4FD2-AD6D-943F1ABB439F}.Debug|ARM.Build.0 = Debug|Any CPU
		{C7403021-8C99-4FD2-AD6D-943F1ABB439F}.Debug|x64.ActiveCfg = Debug|Any CPU
		{C7403021-8C99-4FD2-AD6D-943F1ABB439F}.Debug|x64.Build.0 = Debug|Any CPU
		{C7403021-8C99-4FD2-AD6D-943F1ABB439F}.Debug|x86.ActiveCfg = Debug|Any CPU
		{C7403021-8C99-4FD2-AD6D-943F1ABB439F}.Debug|x86.Build.0 = Debug|Any CPU
		{C7403021-8C99-4FD2-AD6D-943F1ABB439F}.Release|Any CPU.ActiveCfg = Release|Any CPU
		{C7403021-8C99-4FD2-AD6D-943F1ABB439F}.Release|Any CPU.Build.0 = Release|Any CPU
		{C7403021-8C99-4FD2-AD6D-943F1ABB439F}.Release|ARM.ActiveCfg = Release|Any CPU
		{C7403021-8C99-4FD2-AD6D-943F1ABB439F}.Release|ARM.Build.0 = Release|Any CPU
		{C7403021-8C99-4FD2-AD6D-943F1ABB439F}.Release|x64.ActiveCfg = Release|Any CPU
		{C7403021-8C99-4FD2-AD6D-943F1ABB439F}.Release|x64.Build.0 = Release|Any CPU
		{C7403021-8C99-4FD2-AD6D-943F1ABB439F}.Release|x86.ActiveCfg = Release|Any CPU
		{C7403021-8C99-4FD2-AD6D-943F1ABB439F}.Release|x86.Build.0 = Release|Any CPU
		{45D687AA-081B-4D4E-82C3-58A2BD5F02A8}.Debug|Any CPU.ActiveCfg = Debug|Any CPU
		{45D687AA-081B-4D4E-82C3-58A2BD5F02A8}.Debug|Any CPU.Build.0 = Debug|Any CPU
		{45D687AA-081B-4D4E-82C3-58A2BD5F02A8}.Debug|ARM.ActiveCfg = Debug|Any CPU
		{45D687AA-081B-4D4E-82C3-58A2BD5F02A8}.Debug|ARM.Build.0 = Debug|Any CPU
		{45D687AA-081B-4D4E-82C3-58A2BD5F02A8}.Debug|x64.ActiveCfg = Debug|Any CPU
		{45D687AA-081B-4D4E-82C3-58A2BD5F02A8}.Debug|x64.Build.0 = Debug|Any CPU
		{45D687AA-081B-4D4E-82C3-58A2BD5F02A8}.Debug|x86.ActiveCfg = Debug|Any CPU
		{45D687AA-081B-4D4E-82C3-58A2BD5F02A8}.Debug|x86.Build.0 = Debug|Any CPU
		{45D687AA-081B-4D4E-82C3-58A2BD5F02A8}.Release|Any CPU.ActiveCfg = Release|Any CPU
		{45D687AA-081B-4D4E-82C3-58A2BD5F02A8}.Release|Any CPU.Build.0 = Release|Any CPU
		{45D687AA-081B-4D4E-82C3-58A2BD5F02A8}.Release|ARM.ActiveCfg = Release|Any CPU
		{45D687AA-081B-4D4E-82C3-58A2BD5F02A8}.Release|ARM.Build.0 = Release|Any CPU
		{45D687AA-081B-4D4E-82C3-58A2BD5F02A8}.Release|x64.ActiveCfg = Release|Any CPU
		{45D687AA-081B-4D4E-82C3-58A2BD5F02A8}.Release|x64.Build.0 = Release|Any CPU
		{45D687AA-081B-4D4E-82C3-58A2BD5F02A8}.Release|x86.ActiveCfg = Release|Any CPU
		{45D687AA-081B-4D4E-82C3-58A2BD5F02A8}.Release|x86.Build.0 = Release|Any CPU
		{3F7B9F6A-0B84-4B4E-A68F-77D4E35EDD57}.Debug|Any CPU.ActiveCfg = Debug|Any CPU
		{3F7B9F6A-0B84-4B4E-A68F-77D4E35EDD57}.Debug|Any CPU.Build.0 = Debug|Any CPU
		{3F7B9F6A-0B84-4B4E-A68F-77D4E35EDD57}.Debug|ARM.ActiveCfg = Debug|Any CPU
		{3F7B9F6A-0B84-4B4E-A68F-77D4E35EDD57}.Debug|ARM.Build.0 = Debug|Any CPU
		{3F7B9F6A-0B84-4B4E-A68F-77D4E35EDD57}.Debug|x64.ActiveCfg = Debug|Any CPU
		{3F7B9F6A-0B84-4B4E-A68F-77D4E35EDD57}.Debug|x64.Build.0 = Debug|Any CPU
		{3F7B9F6A-0B84-4B4E-A68F-77D4E35EDD57}.Debug|x86.ActiveCfg = Debug|Any CPU
		{3F7B9F6A-0B84-4B4E-A68F-77D4E35EDD57}.Debug|x86.Build.0 = Debug|Any CPU
		{3F7B9F6A-0B84-4B4E-A68F-77D4E35EDD57}.Release|Any CPU.ActiveCfg = Release|Any CPU
		{3F7B9F6A-0B84-4B4E-A68F-77D4E35EDD57}.Release|Any CPU.Build.0 = Release|Any CPU
		{3F7B9F6A-0B84-4B4E-A68F-77D4E35EDD57}.Release|ARM.ActiveCfg = Release|Any CPU
		{3F7B9F6A-0B84-4B4E-A68F-77D4E35EDD57}.Release|ARM.Build.0 = Release|Any CPU
		{3F7B9F6A-0B84-4B4E-A68F-77D4E35EDD57}.Release|x64.ActiveCfg = Release|Any CPU
		{3F7B9F6A-0B84-4B4E-A68F-77D4E35EDD57}.Release|x64.Build.0 = Release|Any CPU
		{3F7B9F6A-0B84-4B4E-A68F-77D4E35EDD57}.Release|x86.ActiveCfg = Release|Any CPU
		{3F7B9F6A-0B84-4B4E-A68F-77D4E35EDD57}.Release|x86.Build.0 = Release|Any CPU
		{C61629D8-2605-4554-8747-9503572E2B2D}.Debug|Any CPU.ActiveCfg = Debug|Any CPU
		{C61629D8-2605-4554-8747-9503572E2B2D}.Debug|Any CPU.Build.0 = Debug|Any CPU
		{C61629D8-2605-4554-8747-9503572E2B2D}.Debug|ARM.ActiveCfg = Debug|Any CPU
		{C61629D8-2605-4554-8747-9503572E2B2D}.Debug|ARM.Build.0 = Debug|Any CPU
		{C61629D8-2605-4554-8747-9503572E2B2D}.Debug|x64.ActiveCfg = Debug|Any CPU
		{C61629D8-2605-4554-8747-9503572E2B2D}.Debug|x64.Build.0 = Debug|Any CPU
		{C61629D8-2605-4554-8747-9503572E2B2D}.Debug|x86.ActiveCfg = Debug|Any CPU
		{C61629D8-2605-4554-8747-9503572E2B2D}.Debug|x86.Build.0 = Debug|Any CPU
		{C61629D8-2605-4554-8747-9503572E2B2D}.Release|Any CPU.ActiveCfg = Release|Any CPU
		{C61629D8-2605-4554-8747-9503572E2B2D}.Release|Any CPU.Build.0 = Release|Any CPU
		{C61629D8-2605-4554-8747-9503572E2B2D}.Release|ARM.ActiveCfg = Release|Any CPU
		{C61629D8-2605-4554-8747-9503572E2B2D}.Release|ARM.Build.0 = Release|Any CPU
		{C61629D8-2605-4554-8747-9503572E2B2D}.Release|x64.ActiveCfg = Release|Any CPU
		{C61629D8-2605-4554-8747-9503572E2B2D}.Release|x64.Build.0 = Release|Any CPU
		{C61629D8-2605-4554-8747-9503572E2B2D}.Release|x86.ActiveCfg = Release|Any CPU
		{C61629D8-2605-4554-8747-9503572E2B2D}.Release|x86.Build.0 = Release|Any CPU
		{BAA95098-988E-48A1-B8B5-5367B7B2A667}.Debug|Any CPU.ActiveCfg = Debug|Any CPU
		{BAA95098-988E-48A1-B8B5-5367B7B2A667}.Debug|Any CPU.Build.0 = Debug|Any CPU
		{BAA95098-988E-48A1-B8B5-5367B7B2A667}.Debug|ARM.ActiveCfg = Debug|Any CPU
		{BAA95098-988E-48A1-B8B5-5367B7B2A667}.Debug|ARM.Build.0 = Debug|Any CPU
		{BAA95098-988E-48A1-B8B5-5367B7B2A667}.Debug|x64.ActiveCfg = Debug|Any CPU
		{BAA95098-988E-48A1-B8B5-5367B7B2A667}.Debug|x64.Build.0 = Debug|Any CPU
		{BAA95098-988E-48A1-B8B5-5367B7B2A667}.Debug|x86.ActiveCfg = Debug|Any CPU
		{BAA95098-988E-48A1-B8B5-5367B7B2A667}.Debug|x86.Build.0 = Debug|Any CPU
		{BAA95098-988E-48A1-B8B5-5367B7B2A667}.Release|Any CPU.ActiveCfg = Release|Any CPU
		{BAA95098-988E-48A1-B8B5-5367B7B2A667}.Release|Any CPU.Build.0 = Release|Any CPU
		{BAA95098-988E-48A1-B8B5-5367B7B2A667}.Release|ARM.ActiveCfg = Release|Any CPU
		{BAA95098-988E-48A1-B8B5-5367B7B2A667}.Release|ARM.Build.0 = Release|Any CPU
		{BAA95098-988E-48A1-B8B5-5367B7B2A667}.Release|x64.ActiveCfg = Release|Any CPU
		{BAA95098-988E-48A1-B8B5-5367B7B2A667}.Release|x64.Build.0 = Release|Any CPU
		{BAA95098-988E-48A1-B8B5-5367B7B2A667}.Release|x86.ActiveCfg = Release|Any CPU
		{BAA95098-988E-48A1-B8B5-5367B7B2A667}.Release|x86.Build.0 = Release|Any CPU
		{BCFACFBC-0DFE-4444-8682-AEFA98D1E398}.Debug|Any CPU.ActiveCfg = Debug|Any CPU
		{BCFACFBC-0DFE-4444-8682-AEFA98D1E398}.Debug|Any CPU.Build.0 = Debug|Any CPU
		{BCFACFBC-0DFE-4444-8682-AEFA98D1E398}.Debug|ARM.ActiveCfg = Debug|Any CPU
		{BCFACFBC-0DFE-4444-8682-AEFA98D1E398}.Debug|ARM.Build.0 = Debug|Any CPU
		{BCFACFBC-0DFE-4444-8682-AEFA98D1E398}.Debug|x64.ActiveCfg = Debug|Any CPU
		{BCFACFBC-0DFE-4444-8682-AEFA98D1E398}.Debug|x64.Build.0 = Debug|Any CPU
		{BCFACFBC-0DFE-4444-8682-AEFA98D1E398}.Debug|x86.ActiveCfg = Debug|Any CPU
		{BCFACFBC-0DFE-4444-8682-AEFA98D1E398}.Debug|x86.Build.0 = Debug|Any CPU
		{BCFACFBC-0DFE-4444-8682-AEFA98D1E398}.Release|Any CPU.ActiveCfg = Release|Any CPU
		{BCFACFBC-0DFE-4444-8682-AEFA98D1E398}.Release|Any CPU.Build.0 = Release|Any CPU
		{BCFACFBC-0DFE-4444-8682-AEFA98D1E398}.Release|ARM.ActiveCfg = Release|Any CPU
		{BCFACFBC-0DFE-4444-8682-AEFA98D1E398}.Release|ARM.Build.0 = Release|Any CPU
		{BCFACFBC-0DFE-4444-8682-AEFA98D1E398}.Release|x64.ActiveCfg = Release|Any CPU
		{BCFACFBC-0DFE-4444-8682-AEFA98D1E398}.Release|x64.Build.0 = Release|Any CPU
		{BCFACFBC-0DFE-4444-8682-AEFA98D1E398}.Release|x86.ActiveCfg = Release|Any CPU
		{BCFACFBC-0DFE-4444-8682-AEFA98D1E398}.Release|x86.Build.0 = Release|Any CPU
		{30F6317B-18E1-4007-87E1-1BF212E3DE39}.Debug|Any CPU.ActiveCfg = Debug|x86
		{30F6317B-18E1-4007-87E1-1BF212E3DE39}.Debug|Any CPU.Build.0 = Debug|x86
		{30F6317B-18E1-4007-87E1-1BF212E3DE39}.Debug|Any CPU.Deploy.0 = Debug|x86
		{30F6317B-18E1-4007-87E1-1BF212E3DE39}.Debug|ARM.ActiveCfg = Debug|ARM
		{30F6317B-18E1-4007-87E1-1BF212E3DE39}.Debug|ARM.Build.0 = Debug|ARM
		{30F6317B-18E1-4007-87E1-1BF212E3DE39}.Debug|ARM.Deploy.0 = Debug|ARM
		{30F6317B-18E1-4007-87E1-1BF212E3DE39}.Debug|x64.ActiveCfg = Debug|x64
		{30F6317B-18E1-4007-87E1-1BF212E3DE39}.Debug|x64.Build.0 = Debug|x64
		{30F6317B-18E1-4007-87E1-1BF212E3DE39}.Debug|x64.Deploy.0 = Debug|x64
		{30F6317B-18E1-4007-87E1-1BF212E3DE39}.Debug|x86.ActiveCfg = Debug|x86
		{30F6317B-18E1-4007-87E1-1BF212E3DE39}.Debug|x86.Build.0 = Debug|x86
		{30F6317B-18E1-4007-87E1-1BF212E3DE39}.Debug|x86.Deploy.0 = Debug|x86
		{30F6317B-18E1-4007-87E1-1BF212E3DE39}.Release|Any CPU.ActiveCfg = Release|x64
		{30F6317B-18E1-4007-87E1-1BF212E3DE39}.Release|Any CPU.Build.0 = Release|x64
		{30F6317B-18E1-4007-87E1-1BF212E3DE39}.Release|Any CPU.Deploy.0 = Release|x64
		{30F6317B-18E1-4007-87E1-1BF212E3DE39}.Release|ARM.ActiveCfg = Release|ARM
		{30F6317B-18E1-4007-87E1-1BF212E3DE39}.Release|ARM.Build.0 = Release|ARM
		{30F6317B-18E1-4007-87E1-1BF212E3DE39}.Release|ARM.Deploy.0 = Release|ARM
		{30F6317B-18E1-4007-87E1-1BF212E3DE39}.Release|x64.ActiveCfg = Release|x64
		{30F6317B-18E1-4007-87E1-1BF212E3DE39}.Release|x64.Build.0 = Release|x64
		{30F6317B-18E1-4007-87E1-1BF212E3DE39}.Release|x64.Deploy.0 = Release|x64
		{30F6317B-18E1-4007-87E1-1BF212E3DE39}.Release|x86.ActiveCfg = Release|x86
		{30F6317B-18E1-4007-87E1-1BF212E3DE39}.Release|x86.Build.0 = Release|x86
		{30F6317B-18E1-4007-87E1-1BF212E3DE39}.Release|x86.Deploy.0 = Release|x86
	EndGlobalSection
	GlobalSection(SolutionProperties) = preSolution
		HideSolutionNode = FALSE
	EndGlobalSection
EndGlobal
