
Microsoft Visual Studio Solution File, Format Version 12.00
# Visual Studio 15
VisualStudioVersion = 15.0.27004.2006
MinimumVisualStudioVersion = 10.0.40219.1
Project("{FAE04EC0-301F-11D3-BF4B-00C04F79EFBC}") = "SBEventGridIntegration", "SBEventGridIntegration\SBEventGridIntegration.csproj", "{9A567250-EB08-49F5-B131-28FC97B1A21B}"
EndProject
Project("{FAE04EC0-301F-11D3-BF4B-00C04F79EFBC}") = "MessageSender", "..\MessageSender\MessageSender.csproj", "{26AAA938-E6AA-4ECF-A8BB-F44EB02BE267}"
EndProject
Global
	GlobalSection(SolutionConfigurationPlatforms) = preSolution
		Debug|Any CPU = Debug|Any CPU
		Release|Any CPU = Release|Any CPU
	EndGlobalSection
	GlobalSection(ProjectConfigurationPlatforms) = postSolution
		{9A567250-EB08-49F5-B131-28FC97B1A21B}.Debug|Any CPU.ActiveCfg = Debug|Any CPU
		{9A567250-EB08-49F5-B131-28FC97B1A21B}.Debug|Any CPU.Build.0 = Debug|Any CPU
		{9A567250-EB08-49F5-B131-28FC97B1A21B}.Release|Any CPU.ActiveCfg = Release|Any CPU
		{9A567250-EB08-49F5-B131-28FC97B1A21B}.Release|Any CPU.Build.0 = Release|Any CPU
		{26AAA938-E6AA-4ECF-A8BB-F44EB02BE267}.Debug|Any CPU.ActiveCfg = Debug|Any CPU
		{26AAA938-E6AA-4ECF-A8BB-F44EB02BE267}.Debug|Any CPU.Build.0 = Debug|Any CPU
		{26AAA938-E6AA-4ECF-A8BB-F44EB02BE267}.Release|Any CPU.ActiveCfg = Release|Any CPU
		{26AAA938-E6AA-4ECF-A8BB-F44EB02BE267}.Release|Any CPU.Build.0 = Release|Any CPU
	EndGlobalSection
	GlobalSection(SolutionProperties) = preSolution
		HideSolutionNode = FALSE
	EndGlobalSection
	GlobalSection(ExtensibilityGlobals) = postSolution
		SolutionGuid = {8196E24C-8F60-46EF-9F42-1BF8ED6A7FC6}
	EndGlobalSection
EndGlobal
