
Microsoft Visual Studio Solution File, Format Version 12.00
# Visual Studio 14
VisualStudioVersion = 14.0.23107.0
MinimumVisualStudioVersion = 10.0.40219.1
Project("{2150E333-8FDC-42A3-9474-1A3956D46DE8}") = "Solution Items", "Solution Items", "{C4A85AC1-398B-4A53-8EE3-6FA83D8E99C8}"
	ProjectSection(SolutionItems) = preProject
		Readme.htm = Readme.htm
		ServiceDiagram.jpg = ServiceDiagram.jpg
	EndProjectSection
EndProject
Project("{FAE04EC0-301F-11D3-BF4B-00C04F79EFBC}") = "Client", "Client\Client.csproj", "{9F78C49A-31BF-48C1-9A51-046C1D068F81}"
EndProject
Project("{FAE04EC0-301F-11D3-BF4B-00C04F79EFBC}") = "Service", "Service\Service.csproj", "{AE7AF0E7-5365-446E-A7ED-7C2DB65760FF}"
EndProject
Global
	GlobalSection(SolutionConfigurationPlatforms) = preSolution
		Debug|Any CPU = Debug|Any CPU
		Release|Any CPU = Release|Any CPU
	EndGlobalSection
	GlobalSection(ProjectConfigurationPlatforms) = postSolution
		{9F78C49A-31BF-48C1-9A51-046C1D068F81}.Debug|Any CPU.ActiveCfg = Debug|Any CPU
		{9F78C49A-31BF-48C1-9A51-046C1D068F81}.Debug|Any CPU.Build.0 = Debug|Any CPU
		{9F78C49A-31BF-48C1-9A51-046C1D068F81}.Release|Any CPU.ActiveCfg = Release|Any CPU
		{9F78C49A-31BF-48C1-9A51-046C1D068F81}.Release|Any CPU.Build.0 = Release|Any CPU
		{AE7AF0E7-5365-446E-A7ED-7C2DB65760FF}.Debug|Any CPU.ActiveCfg = Debug|Any CPU
		{AE7AF0E7-5365-446E-A7ED-7C2DB65760FF}.Debug|Any CPU.Build.0 = Debug|Any CPU
		{AE7AF0E7-5365-446E-A7ED-7C2DB65760FF}.Release|Any CPU.ActiveCfg = Release|Any CPU
		{AE7AF0E7-5365-446E-A7ED-7C2DB65760FF}.Release|Any CPU.Build.0 = Release|Any CPU
	EndGlobalSection
	GlobalSection(SolutionProperties) = preSolution
		HideSolutionNode = FALSE
	EndGlobalSection
EndGlobal
