
Microsoft Visual Studio Solution File, Format Version 12.00
# Visual Studio 15
VisualStudioVersion = 15.0.27004.2010
MinimumVisualStudioVersion = 10.0.40219.1
Project("{FAE04EC0-301F-11D3-BF4B-00C04F79EFBC}") = "ManagedServiceIdentityWebApp", "ManagedServiceIdentityWebApp\ManagedServiceIdentityWebApp.csproj", "{476F98B4-05BF-42B6-B0B4-E50CD5B71635}"
EndProject
Global
	GlobalSection(SolutionConfigurationPlatforms) = preSolution
		Debug|Any CPU = Debug|Any CPU
		Release|Any CPU = Release|Any CPU
	EndGlobalSection
	GlobalSection(ProjectConfigurationPlatforms) = postSolution
		{476F98B4-05BF-42B6-B0B4-E50CD5B71635}.Debug|Any CPU.ActiveCfg = Debug|Any CPU
		{476F98B4-05BF-42B6-B0B4-E50CD5B71635}.Debug|Any CPU.Build.0 = Debug|Any CPU
		{476F98B4-05BF-42B6-B0B4-E50CD5B71635}.Release|Any CPU.ActiveCfg = Release|Any CPU
		{476F98B4-05BF-42B6-B0B4-E50CD5B71635}.Release|Any CPU.Build.0 = Release|Any CPU
	EndGlobalSection
	GlobalSection(SolutionProperties) = preSolution
		HideSolutionNode = FALSE
	EndGlobalSection
	GlobalSection(ExtensibilityGlobals) = postSolution
		SolutionGuid = {AE17B842-5FBE-4C43-B583-5441703DBCE9}
	EndGlobalSection
EndGlobal
