
Microsoft Visual Studio Solution File, Format Version 12.00
# Visual Studio Version 17
VisualStudioVersion = 17.11.35431.28
MinimumVisualStudioVersion = 10.0.40219.1
Project("{9A19103F-16F7-4668-BE54-9A1E7A4F7556}") = "MessageSender", "..\MessageSender\MessageSender.csproj", "{26AAA938-E6AA-4ECF-A8BB-F44EB02BE267}"
EndProject
Project("{FAE04EC0-301F-11D3-BF4B-00C04F79EFBC}") = "FunctionApp1", "ReceiveMessagesFunctionApp\FunctionApp1.csproj", "{197A1578-C5FC-42A5-9A25-D8B9AD857E6F}"
EndProject
Global
	GlobalSection(SolutionConfigurationPlatforms) = preSolution
		Debug|Any CPU = Debug|Any CPU
		Release|Any CPU = Release|Any CPU
	EndGlobalSection
	GlobalSection(ProjectConfigurationPlatforms) = postSolution
		{26AAA938-E6AA-4ECF-A8BB-F44EB02BE267}.Debug|Any CPU.ActiveCfg = Debug|Any CPU
		{26AAA938-E6AA-4ECF-A8BB-F44EB02BE267}.Debug|Any CPU.Build.0 = Debug|Any CPU
		{26AAA938-E6AA-4ECF-A8BB-F44EB02BE267}.Release|Any CPU.ActiveCfg = Release|Any CPU
		{26AAA938-E6AA-4ECF-A8BB-F44EB02BE267}.Release|Any CPU.Build.0 = Release|Any CPU
		{197A1578-C5FC-42A5-9A25-D8B9AD857E6F}.Debug|Any CPU.ActiveCfg = Debug|Any CPU
		{197A1578-C5FC-42A5-9A25-D8B9AD857E6F}.Debug|Any CPU.Build.0 = Debug|Any CPU
		{197A1578-C5FC-42A5-9A25-D8B9AD857E6F}.Release|Any CPU.ActiveCfg = Release|Any CPU
		{197A1578-C5FC-42A5-9A25-D8B9AD857E6F}.Release|Any CPU.Build.0 = Release|Any CPU
	EndGlobalSection
	GlobalSection(SolutionProperties) = preSolution
		HideSolutionNode = FALSE
	EndGlobalSection
	GlobalSection(ExtensibilityGlobals) = postSolution
		SolutionGuid = {8196E24C-8F60-46EF-9F42-1BF8ED6A7FC6}
	EndGlobalSection
EndGlobal
