
Microsoft Visual Studio Solution File, Format Version 12.00
# Visual Studio 14
VisualStudioVersion = 14.0.24720.0
MinimumVisualStudioVersion = 10.0.40219.1
Project("{2150E333-8FDC-42A3-9474-1A3956D46DE8}") = "Solution Items", "Solution Items", "{EB131517-622B-4254-837F-6750D4F6A2DA}"
	ProjectSection(SolutionItems) = preProject
		readme.md = readme.md
	EndProjectSection
EndProject
Project("{FAE04EC0-301F-11D3-BF4B-00C04F79EFBC}") = "DurableSenderLibrary", "DurableSenderLibrary\DurableSenderLibrary.csproj", "{B45E7BA3-5FBE-44DB-A260-FDC513191584}"
EndProject
Project("{FAE04EC0-301F-11D3-BF4B-00C04F79EFBC}") = "Client", "Client\Client.csproj", "{F6139F7C-1D6F-4BBF-8610-03D53F2C976D}"
EndProject
Global
	GlobalSection(SolutionConfigurationPlatforms) = preSolution
		Debug|Any CPU = Debug|Any CPU
		Debug|Mixed Platforms = Debug|Mixed Platforms
		Debug|x86 = Debug|x86
		Release|Any CPU = Release|Any CPU
		Release|Mixed Platforms = Release|Mixed Platforms
		Release|x86 = Release|x86
	EndGlobalSection
	GlobalSection(ProjectConfigurationPlatforms) = postSolution
		{B45E7BA3-5FBE-44DB-A260-FDC513191584}.Debug|Any CPU.ActiveCfg = Debug|Any CPU
		{B45E7BA3-5FBE-44DB-A260-FDC513191584}.Debug|Any CPU.Build.0 = Debug|Any CPU
		{B45E7BA3-5FBE-44DB-A260-FDC513191584}.Debug|Mixed Platforms.ActiveCfg = Debug|Any CPU
		{B45E7BA3-5FBE-44DB-A260-FDC513191584}.Debug|Mixed Platforms.Build.0 = Debug|Any CPU
		{B45E7BA3-5FBE-44DB-A260-FDC513191584}.Debug|x86.ActiveCfg = Debug|Any CPU
		{B45E7BA3-5FBE-44DB-A260-FDC513191584}.Release|Any CPU.ActiveCfg = Release|Any CPU
		{B45E7BA3-5FBE-44DB-A260-FDC513191584}.Release|Any CPU.Build.0 = Release|Any CPU
		{B45E7BA3-5FBE-44DB-A260-FDC513191584}.Release|Mixed Platforms.ActiveCfg = Release|Any CPU
		{B45E7BA3-5FBE-44DB-A260-FDC513191584}.Release|Mixed Platforms.Build.0 = Release|Any CPU
		{B45E7BA3-5FBE-44DB-A260-FDC513191584}.Release|x86.ActiveCfg = Release|Any CPU
		{F6139F7C-1D6F-4BBF-8610-03D53F2C976D}.Debug|Any CPU.ActiveCfg = Debug|x86
		{F6139F7C-1D6F-4BBF-8610-03D53F2C976D}.Debug|Mixed Platforms.ActiveCfg = Debug|x86
		{F6139F7C-1D6F-4BBF-8610-03D53F2C976D}.Debug|Mixed Platforms.Build.0 = Debug|x86
		{F6139F7C-1D6F-4BBF-8610-03D53F2C976D}.Debug|x86.ActiveCfg = Debug|x86
		{F6139F7C-1D6F-4BBF-8610-03D53F2C976D}.Debug|x86.Build.0 = Debug|x86
		{F6139F7C-1D6F-4BBF-8610-03D53F2C976D}.Release|Any CPU.ActiveCfg = Release|x86
		{F6139F7C-1D6F-4BBF-8610-03D53F2C976D}.Release|Mixed Platforms.ActiveCfg = Release|x86
		{F6139F7C-1D6F-4BBF-8610-03D53F2C976D}.Release|Mixed Platforms.Build.0 = Release|x86
		{F6139F7C-1D6F-4BBF-8610-03D53F2C976D}.Release|x86.ActiveCfg = Release|x86
		{F6139F7C-1D6F-4BBF-8610-03D53F2C976D}.Release|x86.Build.0 = Release|x86
	EndGlobalSection
	GlobalSection(SolutionProperties) = preSolution
		HideSolutionNode = FALSE
	EndGlobalSection
	GlobalSection(NestedProjects) = preSolution
		{B45E7BA3-5FBE-44DB-A260-FDC513191584} = {EB131517-622B-4254-837F-6750D4F6A2DA}
		{F6139F7C-1D6F-4BBF-8610-03D53F2C976D} = {EB131517-622B-4254-837F-6750D4F6A2DA}
	EndGlobalSection
EndGlobal
