
Microsoft Visual Studio Solution File, Format Version 12.00
# Visual Studio 14
VisualStudioVersion = 14.0.24720.0
MinimumVisualStudioVersion = 10.0.40219.1
Project("{2150E333-8FDC-42A3-9474-1A3956D46DE8}") = "Solution Items", "Solution Items", "{EB131517-622B-4254-837F-6750D4F6A2DA}"
	ProjectSection(SolutionItems) = preProject
		Readme.htm = Readme.htm
	EndProjectSection
EndProject
Project("{FAE04EC0-301F-11D3-BF4B-00C04F79EFBC}") = "AtomicTransactions", "AtomicTransactions.csproj", "{28AEF962-E1B0-4003-8AAE-E876593F9CBB}"
EndProject
Global
	GlobalSection(SolutionConfigurationPlatforms) = preSolution
		Debug|Any CPU = Debug|Any CPU
	EndGlobalSection
	GlobalSection(ProjectConfigurationPlatforms) = postSolution
		{28AEF962-E1B0-4003-8AAE-E876593F9CBB}.Debug|Any CPU.ActiveCfg = Debug|Any CPU
		{28AEF962-E1B0-4003-8AAE-E876593F9CBB}.Debug|Any CPU.Build.0 = Debug|Any CPU
	EndGlobalSection
	GlobalSection(SolutionProperties) = preSolution
		HideSolutionNode = FALSE
	EndGlobalSection
EndGlobal
