
Microsoft Visual Studio Solution File, Format Version 12.00
# Visual Studio 14
VisualStudioVersion = 14.0.23107.0
MinimumVisualStudioVersion = 10.0.40219.1
Project("{FAE04EC0-301F-11D3-BF4B-00C04F79EFBC}") = "AutoForward", "AutoForward.csproj", "{C9B6BEF6-7566-4A52-A79A-DC22F758A657}"
EndProject
Project("{2150E333-8FDC-42A3-9474-1A3956D46DE8}") = "Solution Items", "Solution Items", "{B3B6FABD-89CB-448A-A001-F05E06A6CB72}"
	ProjectSection(SolutionItems) = preProject
		..\..\..\USERS\CLEMENSV\APPDATA\LOCAL\MICROSOFT\VISUALSTUDIO\14.0\EXTENSIONS\M5GS2KL0.NOX\description.html = ..\..\..\USERS\CLEMENSV\APPDATA\LOCAL\MICROSOFT\VISUALSTUDIO\14.0\EXTENSIONS\M5GS2KL0.NOX\description.html
	EndProjectSection
EndProject
Global
	GlobalSection(SolutionConfigurationPlatforms) = preSolution
		Debug|x86 = Debug|x86
		Release|x86 = Release|x86
	EndGlobalSection
	GlobalSection(ProjectConfigurationPlatforms) = postSolution
		{C9B6BEF6-7566-4A52-A79A-DC22F758A657}.Debug|x86.ActiveCfg = Debug|x86
		{C9B6BEF6-7566-4A52-A79A-DC22F758A657}.Debug|x86.Build.0 = Debug|x86
		{C9B6BEF6-7566-4A52-A79A-DC22F758A657}.Release|x86.ActiveCfg = Release|x86
		{C9B6BEF6-7566-4A52-A79A-DC22F758A657}.Release|x86.Build.0 = Release|x86
	EndGlobalSection
	GlobalSection(SolutionProperties) = preSolution
		HideSolutionNode = FALSE
	EndGlobalSection
EndGlobal
