
Microsoft Visual Studio Solution File, Format Version 12.00
# Visual Studio Version 16
VisualStudioVersion = 16.0.32228.343
MinimumVisualStudioVersion = 10.0.40219.1
Project("{9A19103F-16F7-4668-BE54-9A1E7A4F7556}") = "CreateTopicsAndSubscriptions", "CreateTopicAndSubscriptions\CreateTopicsAndSubscriptions.csproj", "{46F31904-B0ED-411C-93E2-DA2CCBA8FF88}"
EndProject
Project("{9A19103F-16F7-4668-BE54-9A1E7A4F7556}") = "SendAndReceiveMessages", "SendAndReceiveMessages\SendAndReceiveMessages.csproj", "{8AB3BE77-4879-4034-9BE3-4CEFAAA31D1E}"
EndProject
Global
	GlobalSection(SolutionConfigurationPlatforms) = preSolution
		Debug|Any CPU = Debug|Any CPU
		Release|Any CPU = Release|Any CPU
	EndGlobalSection
	GlobalSection(ProjectConfigurationPlatforms) = postSolution
		{46F31904-B0ED-411C-93E2-DA2CCBA8FF88}.Debug|Any CPU.ActiveCfg = Debug|Any CPU
		{46F31904-B0ED-411C-93E2-DA2CCBA8FF88}.Debug|Any CPU.Build.0 = Debug|Any CPU
		{46F31904-B0ED-411C-93E2-DA2CCBA8FF88}.Release|Any CPU.ActiveCfg = Release|Any CPU
		{46F31904-B0ED-411C-93E2-DA2CCBA8FF88}.Release|Any CPU.Build.0 = Release|Any CPU
		{8AB3BE77-4879-4034-9BE3-4CEFAAA31D1E}.Debug|Any CPU.ActiveCfg = Debug|Any CPU
		{8AB3BE77-4879-4034-9BE3-4CEFAAA31D1E}.Debug|Any CPU.Build.0 = Debug|Any CPU
		{8AB3BE77-4879-4034-9BE3-4CEFAAA31D1E}.Release|Any CPU.ActiveCfg = Release|Any CPU
		{8AB3BE77-4879-4034-9BE3-4CEFAAA31D1E}.Release|Any CPU.Build.0 = Release|Any CPU
	EndGlobalSection
	GlobalSection(SolutionProperties) = preSolution
		HideSolutionNode = FALSE
	EndGlobalSection
	GlobalSection(ExtensibilityGlobals) = postSolution
		SolutionGuid = {496C4E54-35CB-47AC-9D0E-9A080C1F3A31}
	EndGlobalSection
EndGlobal
