
Microsoft Visual Studio Solution File, Format Version 12.00
# Visual Studio 15
VisualStudioVersion = 15.0.27004.2005
MinimumVisualStudioVersion = 10.0.40219.1
Project("{2150E333-8FDC-42A3-9474-1A3956D46DE8}") = "QueuesGettingStarted", "QueuesGettingStarted", "{AD9316D9-4A79-460F-BD28-EA5631CDA045}"
	ProjectSection(SolutionItems) = preProject
		QueuesGettingStarted\README.md = QueuesGettingStarted\README.md
	EndProjectSection
EndProject
Project("{2150E333-8FDC-42A3-9474-1A3956D46DE8}") = "TopicsGettingStarted", "TopicsGettingStarted", "{7F9D447D-CFF5-42BC-AA1E-260D1EBD4117}"
	ProjectSection(SolutionItems) = preProject
		TopicsGettingStarted\README.md = TopicsGettingStarted\README.md
	EndProjectSection
EndProject
Project("{9A19103F-16F7-4668-BE54-9A1E7A4F7556}") = "QueuesGettingStarted", "QueuesGettingStarted\QueuesGettingStarted.csproj", "{247F0154-3F6B-409B-BEBA-1BF9302D3B9E}"
EndProject
Project("{9A19103F-16F7-4668-BE54-9A1E7A4F7556}") = "TopicsGettingStarted", "TopicsGettingStarted\TopicsGettingStarted.csproj", "{3668A064-BE7B-474A-8A31-23C3ED47A6B4}"
EndProject
Project("{2150E333-8FDC-42A3-9474-1A3956D46DE8}") = "Getting Started", "Getting Started", "{435DD431-1259-4576-802C-781277C51C3C}"
EndProject
Project("{2150E333-8FDC-42A3-9474-1A3956D46DE8}") = "Basic Message Handling", "Basic Message Handling", "{0473E8D7-F4E9-44E8-A400-CDFFFF3738C1}"
EndProject
Project("{2150E333-8FDC-42A3-9474-1A3956D46DE8}") = "Topics and Subscriptions", "Topics and Subscriptions", "{CC766D96-3742-4AB2-9C6B-AB4D15B85EAE}"
EndProject
Project("{2150E333-8FDC-42A3-9474-1A3956D46DE8}") = "Partitioned Entities", "Partitioned Entities", "{F84344A7-7044-4FB7-B44A-BEB66D172CD3}"
EndProject
Project("{2150E333-8FDC-42A3-9474-1A3956D46DE8}") = "Error and Transaction Handling", "Error and Transaction Handling", "{743D2E74-C0B8-40F9-A015-045E5822BA06}"
EndProject
Project("{2150E333-8FDC-42A3-9474-1A3956D46DE8}") = "Session and Workflow Management Features", "Session and Workflow Management Features", "{DF9C002E-7212-4692-8831-1381563183F0}"
EndProject
Project("{2150E333-8FDC-42A3-9474-1A3956D46DE8}") = "Windows Communication Foundation (WCF) Binding", "Windows Communication Foundation (WCF) Binding", "{2A890849-603C-47F4-8718-F61F8889F21A}"
EndProject
Project("{2150E333-8FDC-42A3-9474-1A3956D46DE8}") = "NetMessagingBinding", "NetMessagingBinding", "{C3010EB8-AB96-4987-925E-67F7FF152BD8}"
EndProject
Project("{2150E333-8FDC-42A3-9474-1A3956D46DE8}") = "NetMessagingSession", "NetMessagingSession", "{6F6CF604-506B-46BA-B356-521A99F09638}"
EndProject
Project("{2150E333-8FDC-42A3-9474-1A3956D46DE8}") = "TopicFilters", "TopicFilters", "{C71D0691-D6BB-4289-AA56-EA48AEE7F971}"
	ProjectSection(SolutionItems) = preProject
		TopicFilters\readme.md = TopicFilters\readme.md
	EndProjectSection
EndProject
Project("{2150E333-8FDC-42A3-9474-1A3956D46DE8}") = "PrioritySubscriptions", "PrioritySubscriptions", "{D75A62B6-AE3D-41D6-9C28-004507AFE03E}"
	ProjectSection(SolutionItems) = preProject
		PrioritySubscriptions\README.md = PrioritySubscriptions\README.md
	EndProjectSection
EndProject
Project("{2150E333-8FDC-42A3-9474-1A3956D46DE8}") = "DeadletterQueue", "DeadletterQueue", "{7B678771-2B8F-4220-8CC4-AF9A0A628195}"
	ProjectSection(SolutionItems) = preProject
		DeadletterQueue\README.md = DeadletterQueue\README.md
	EndProjectSection
EndProject
Project("{2150E333-8FDC-42A3-9474-1A3956D46DE8}") = "TimeToLive", "TimeToLive", "{F4255037-8311-4207-8C39-B8A625CB5B95}"
	ProjectSection(SolutionItems) = preProject
		TimeToLive\README.md = TimeToLive\README.md
	EndProjectSection
EndProject
Project("{2150E333-8FDC-42A3-9474-1A3956D46DE8}") = "AtomicTransactions", "AtomicTransactions", "{98566A62-1682-4B5D-A407-62D816FFA96F}"
	ProjectSection(SolutionItems) = preProject
		AtomicTransactions\readme.md = AtomicTransactions\readme.md
	EndProjectSection
EndProject
Project("{2150E333-8FDC-42A3-9474-1A3956D46DE8}") = "DurableSenders", "DurableSenders", "{7F6A8E8D-D7CA-404B-BA42-F0E97828F17A}"
	ProjectSection(SolutionItems) = preProject
		DurableSender\readme.md = DurableSender\readme.md
	EndProjectSection
EndProject
Project("{2150E333-8FDC-42A3-9474-1A3956D46DE8}") = "GeoReplication", "GeoReplication", "{59B83FEE-4C0C-426B-B9E1-25670FC24365}"
	ProjectSection(SolutionItems) = preProject
		GeoReplication\README.md = GeoReplication\README.md
	EndProjectSection
EndProject
Project("{2150E333-8FDC-42A3-9474-1A3956D46DE8}") = "ReceiveLoop", "ReceiveLoop", "{AC2221C4-63C3-4405-BE08-7442D492BCA1}"
	ProjectSection(SolutionItems) = preProject
		ReceiveLoop\README.md = ReceiveLoop\README.md
	EndProjectSection
EndProject
Project("{2150E333-8FDC-42A3-9474-1A3956D46DE8}") = "SendersReceiversWithQueues", "SendersReceiversWithQueues", "{C45FD2B7-2C7A-48F0-8966-F19D1B79B5A9}"
	ProjectSection(SolutionItems) = preProject
		SendersReceiversWithQueues\README.md = SendersReceiversWithQueues\README.md
	EndProjectSection
EndProject
Project("{2150E333-8FDC-42A3-9474-1A3956D46DE8}") = "SendersReceiversWithTopics", "SendersReceiversWithTopics", "{F999FD85-0A6E-4161-B153-695D80B97427}"
	ProjectSection(SolutionItems) = preProject
		SendersReceiversWithTopics\README.md = SendersReceiversWithTopics\README.md
	EndProjectSection
EndProject
Project("{2150E333-8FDC-42A3-9474-1A3956D46DE8}") = "Prefetch", "Prefetch", "{FDE39C09-3E0F-4DC3-9A45-04CC579869B7}"
	ProjectSection(SolutionItems) = preProject
		Prefetch\readme.md = Prefetch\readme.md
	EndProjectSection
EndProject
Project("{2150E333-8FDC-42A3-9474-1A3956D46DE8}") = "DuplicateDetection", "DuplicateDetection", "{2C9FD20B-A351-4990-A3B4-EF20DA09BDE2}"
	ProjectSection(SolutionItems) = preProject
		DuplicateDetection\readme.md = DuplicateDetection\readme.md
	EndProjectSection
EndProject
Project("{2150E333-8FDC-42A3-9474-1A3956D46DE8}") = "MessageBrowse", "MessageBrowse", "{C6C8A4A4-6CA6-4793-9742-93B20A9AF9B6}"
	ProjectSection(SolutionItems) = preProject
		MessageBrowse\README.md = MessageBrowse\README.md
	EndProjectSection
EndProject
Project("{2150E333-8FDC-42A3-9474-1A3956D46DE8}") = "PartitionedQueues", "PartitionedQueues", "{7B28CF2B-4455-45A2-A21A-35E395B081C3}"
	ProjectSection(SolutionItems) = preProject
		PartitionedQueues\README.md = PartitionedQueues\README.md
	EndProjectSection
EndProject
Project("{2150E333-8FDC-42A3-9474-1A3956D46DE8}") = "Sessions", "Sessions", "{31BE75B1-FED9-486C-9405-E212B4E150D6}"
	ProjectSection(SolutionItems) = preProject
		Sessions\README.md = Sessions\README.md
	EndProjectSection
EndProject
Project("{2150E333-8FDC-42A3-9474-1A3956D46DE8}") = "Deferral", "Deferral", "{FE81F1FF-8001-445E-AEBC-AE1E33B7BF16}"
	ProjectSection(SolutionItems) = preProject
		Deferral\README.md = Deferral\README.md
	EndProjectSection
EndProject
Project("{2150E333-8FDC-42A3-9474-1A3956D46DE8}") = "SessionState", "SessionState", "{738DFB34-0C76-4F53-8255-751FD2A18025}"
	ProjectSection(SolutionItems) = preProject
		SessionState\README.md = SessionState\README.md
	EndProjectSection
EndProject
Project("{9A19103F-16F7-4668-BE54-9A1E7A4F7556}") = "DuplicateDetection", "DuplicateDetection\DuplicateDetection.csproj", "{C0705BFD-2855-4753-83FA-0CB17C3AE5E6}"
EndProject
Project("{9A19103F-16F7-4668-BE54-9A1E7A4F7556}") = "MessageBrowse", "MessageBrowse\MessageBrowse.csproj", "{8CF40328-1E20-4913-94DC-043B6DB9A65E}"
EndProject
Project("{9A19103F-16F7-4668-BE54-9A1E7A4F7556}") = "Prefetch", "Prefetch\Prefetch.csproj", "{1DC9882B-135C-462F-914B-AB004309E1FC}"
EndProject
Project("{9A19103F-16F7-4668-BE54-9A1E7A4F7556}") = "ReceiveLoop", "ReceiveLoop\ReceiveLoop.csproj", "{D5A260CB-5FED-40DB-9511-7A68CCFEA72E}"
EndProject
Project("{9A19103F-16F7-4668-BE54-9A1E7A4F7556}") = "SendersReceiversWithQueues", "SendersReceiversWithQueues\SendersReceiversWithQueues.csproj", "{285D8176-9724-4BFB-9336-58F2FB3B8512}"
EndProject
Project("{9A19103F-16F7-4668-BE54-9A1E7A4F7556}") = "SendersReceiversWithTopics", "SendersReceiversWithTopics\SendersReceiversWithTopics.csproj", "{C5AEC266-F2AB-403C-9F76-39A84614A367}"
EndProject
Project("{9A19103F-16F7-4668-BE54-9A1E7A4F7556}") = "AtomicTransactions", "AtomicTransactions\AtomicTransactions.csproj", "{28AEF962-E1B0-4003-8AAE-E876593F9CBB}"
EndProject
Project("{9A19103F-16F7-4668-BE54-9A1E7A4F7556}") = "DeadletterQueue", "DeadletterQueue\DeadletterQueue.csproj", "{BF708E97-B645-4A05-A477-3EF298A29EFB}"
EndProject
Project("{2150E333-8FDC-42A3-9474-1A3956D46DE8}") = "DurableSenderLibrary", "DurableSenderLibrary", "{616293D5-E8F3-4E9B-9224-31BCC7E0A091}"
EndProject
Project("{2150E333-8FDC-42A3-9474-1A3956D46DE8}") = "DurableSenderClient", "DurableSenderClient", "{D6CA5007-6F3B-4025-9EEC-FD06DCE9D428}"
EndProject
Project("{9A19103F-16F7-4668-BE54-9A1E7A4F7556}") = "DurableSenderLibrary", "DurableSender\DurableSenderLibrary\DurableSenderLibrary.csproj", "{B45E7BA3-5FBE-44DB-A260-FDC513191584}"
EndProject
Project("{9A19103F-16F7-4668-BE54-9A1E7A4F7556}") = "TimeToLive", "TimeToLive\TimeToLive.csproj", "{BEF5C066-FE0E-42C0-AE44-747C996D9E63}"
EndProject
Project("{2150E333-8FDC-42A3-9474-1A3956D46DE8}") = "GeoReceiver", "GeoReceiver", "{F982DD81-2057-44DF-A7C5-1AD7EE105EDC}"
EndProject
Project("{2150E333-8FDC-42A3-9474-1A3956D46DE8}") = "GeoSenderActiveReplication", "GeoSenderActiveReplication", "{01DE1FC3-AA87-4974-BA63-02E9733ED986}"
EndProject
Project("{2150E333-8FDC-42A3-9474-1A3956D46DE8}") = "GeoSenderPassiveReplication", "GeoSenderPassiveReplication", "{7D20196E-6FD7-42C2-94EF-9614484F1C8C}"
EndProject
Project("{9A19103F-16F7-4668-BE54-9A1E7A4F7556}") = "GeoReceiver", "GeoReplication\Receiver\GeoReceiver.csproj", "{3212E2FD-B7DF-47DA-92E2-CF9AF50EEC27}"
EndProject
Project("{9A19103F-16F7-4668-BE54-9A1E7A4F7556}") = "SenderActiveReplication", "GeoReplication\SenderActiveReplication\SenderActiveReplication.csproj", "{84DD54F3-B686-4000-8289-C4D9C46CAB61}"
EndProject
Project("{9A19103F-16F7-4668-BE54-9A1E7A4F7556}") = "SenderPassiveReplication", "GeoReplication\SenderPassiveReplication\SenderPassiveReplication.csproj", "{60FB9368-6354-4251-9A80-D7293A759051}"
EndProject
Project("{9A19103F-16F7-4668-BE54-9A1E7A4F7556}") = "PartitionedQueues", "PartitionedQueues\PartitionedQueues.csproj", "{F6A41A8D-77CD-47F0-B564-BCFDC09F639C}"
EndProject
Project("{9A19103F-16F7-4668-BE54-9A1E7A4F7556}") = "Deferral", "Deferral\Deferral.csproj", "{8A443B78-BAEC-417D-9F5C-189B291A5610}"
EndProject
Project("{9A19103F-16F7-4668-BE54-9A1E7A4F7556}") = "Sessions", "Sessions\Sessions.csproj", "{0074A069-85EB-4061-970E-3D4FBCB82362}"
EndProject
Project("{9A19103F-16F7-4668-BE54-9A1E7A4F7556}") = "SessionState", "SessionState\SessionState.csproj", "{AF028627-BE19-452B-AF0F-3B0D124BE01D}"
EndProject
Project("{9A19103F-16F7-4668-BE54-9A1E7A4F7556}") = "PrioritySubscriptions", "PrioritySubscriptions\PrioritySubscriptions.csproj", "{9A59D775-B108-47B6-826A-584EFFED29BA}"
EndProject
Project("{9A19103F-16F7-4668-BE54-9A1E7A4F7556}") = "TopicFilters", "TopicFilters\TopicFilters.csproj", "{C9D5ECB8-7F92-45E0-9CE4-6A3CE614F4B8}"
EndProject
Project("{2150E333-8FDC-42A3-9474-1A3956D46DE8}") = "NetMessagingBindingClient", "NetMessagingBindingClient", "{8E49E7D5-5B9E-421A-831C-6B5B80A30FD8}"
EndProject
Project("{2150E333-8FDC-42A3-9474-1A3956D46DE8}") = "NetMessagingBindingService", "NetMessagingBindingService", "{B21A9FA5-75C6-4B2C-9367-742388FB2FED}"
EndProject
Project("{2150E333-8FDC-42A3-9474-1A3956D46DE8}") = "NetMessagingSessionClient", "NetMessagingSessionClient", "{86BE0C5F-B163-45A3-9B8F-EBE997C28678}"
EndProject
Project("{2150E333-8FDC-42A3-9474-1A3956D46DE8}") = "NetMessagingSessionService", "NetMessagingSessionService", "{257BFB98-6725-4A20-88B5-39EE0688FADE}"
EndProject
Project("{9A19103F-16F7-4668-BE54-9A1E7A4F7556}") = "NetMessagingBindingClient", "NetMessagingBinding\Client\NetMessagingBindingClient.csproj", "{9F78C49A-31BF-48C1-9A51-046C1D068F81}"
EndProject
Project("{9A19103F-16F7-4668-BE54-9A1E7A4F7556}") = "NetMessagingBindingService", "NetMessagingBinding\Service\NetMessagingBindingService.csproj", "{AE7AF0E7-5365-446E-A7ED-7C2DB65760FF}"
EndProject
Project("{9A19103F-16F7-4668-BE54-9A1E7A4F7556}") = "NetMessagingSessionClient", "NetMessagingSession\Client\NetMessagingSessionClient.csproj", "{A6F717CF-C81F-406E-9B18-F2930FFB4F39}"
EndProject
Project("{9A19103F-16F7-4668-BE54-9A1E7A4F7556}") = "NetMessagingSessionService", "NetMessagingSession\OrderService\NetMessagingSessionService.csproj", "{7DE43754-26D3-4FB3-B699-47E51BE6D33B}"
EndProject
Project("{2150E333-8FDC-42A3-9474-1A3956D46DE8}") = "Autoforward", "Autoforward", "{613E7D9B-A1F8-423D-AAB1-B2F3526122D3}"
	ProjectSection(SolutionItems) = preProject
		AutoForward\readme.md = AutoForward\readme.md
	EndProjectSection
EndProject
Project("{9A19103F-16F7-4668-BE54-9A1E7A4F7556}") = "AutoForward", "AutoForward\AutoForward.csproj", "{C9B6BEF6-7566-4A52-A79A-DC22F758A657}"
EndProject
Project("{2150E333-8FDC-42A3-9474-1A3956D46DE8}") = "Solution Items", "Solution Items", "{3D14E83D-61CA-4328-9334-5A51EFCA5F7D}"
	ProjectSection(SolutionItems) = preProject
		scripts\azuredeploy.json = scripts\azuredeploy.json
		README.md = README.md
		scripts\sampleenv.ps1 = scripts\sampleenv.ps1
		scripts\sampleenv.sh = scripts\sampleenv.sh
	EndProjectSection
EndProject
Project("{9A19103F-16F7-4668-BE54-9A1E7A4F7556}") = "DurableSenderClient", "DurableSender\Client\DurableSenderClient.csproj", "{DE140815-5E06-4310-A52D-44BB2B40248D}"
EndProject
Project("{2150E333-8FDC-42A3-9474-1A3956D46DE8}") = "Test", "Test", "{591117AE-C87A-41C3-BA40-6749FB92D59D}"
EndProject
Project("{9A19103F-16F7-4668-BE54-9A1E7A4F7556}") = "SamplesTest", "SamplesTest\SamplesTest.csproj", "{438AB29C-66FB-4C14-8D4C-7F3A80F40F6C}"
EndProject
Global
	GlobalSection(SolutionConfigurationPlatforms) = preSolution
		Debug|Any CPU = Debug|Any CPU
		Debug|AnyCPU = Debug|AnyCPU
		Debug|x86 = Debug|x86
		Release|Any CPU = Release|Any CPU
		Release|AnyCPU = Release|AnyCPU
		Release|x86 = Release|x86
	EndGlobalSection
	GlobalSection(ProjectConfigurationPlatforms) = postSolution
		{247F0154-3F6B-409B-BEBA-1BF9302D3B9E}.Debug|Any CPU.ActiveCfg = Debug|Any CPU
		{247F0154-3F6B-409B-BEBA-1BF9302D3B9E}.Debug|Any CPU.Build.0 = Debug|Any CPU
		{247F0154-3F6B-409B-BEBA-1BF9302D3B9E}.Debug|AnyCPU.ActiveCfg = Debug|Any CPU
		{247F0154-3F6B-409B-BEBA-1BF9302D3B9E}.Debug|AnyCPU.Build.0 = Debug|Any CPU
		{247F0154-3F6B-409B-BEBA-1BF9302D3B9E}.Debug|x86.ActiveCfg = Debug|Any CPU
		{247F0154-3F6B-409B-BEBA-1BF9302D3B9E}.Debug|x86.Build.0 = Debug|Any CPU
		{247F0154-3F6B-409B-BEBA-1BF9302D3B9E}.Release|Any CPU.ActiveCfg = Release|Any CPU
		{247F0154-3F6B-409B-BEBA-1BF9302D3B9E}.Release|Any CPU.Build.0 = Release|Any CPU
		{247F0154-3F6B-409B-BEBA-1BF9302D3B9E}.Release|AnyCPU.ActiveCfg = Release|Any CPU
		{247F0154-3F6B-409B-BEBA-1BF9302D3B9E}.Release|x86.ActiveCfg = Release|Any CPU
		{247F0154-3F6B-409B-BEBA-1BF9302D3B9E}.Release|x86.Build.0 = Release|Any CPU
		{3668A064-BE7B-474A-8A31-23C3ED47A6B4}.Debug|Any CPU.ActiveCfg = Debug|Any CPU
		{3668A064-BE7B-474A-8A31-23C3ED47A6B4}.Debug|Any CPU.Build.0 = Debug|Any CPU
		{3668A064-BE7B-474A-8A31-23C3ED47A6B4}.Debug|AnyCPU.ActiveCfg = Debug|Any CPU
		{3668A064-BE7B-474A-8A31-23C3ED47A6B4}.Debug|AnyCPU.Build.0 = Debug|Any CPU
		{3668A064-BE7B-474A-8A31-23C3ED47A6B4}.Debug|x86.ActiveCfg = Debug|Any CPU
		{3668A064-BE7B-474A-8A31-23C3ED47A6B4}.Debug|x86.Build.0 = Debug|Any CPU
		{3668A064-BE7B-474A-8A31-23C3ED47A6B4}.Release|Any CPU.ActiveCfg = Release|Any CPU
		{3668A064-BE7B-474A-8A31-23C3ED47A6B4}.Release|Any CPU.Build.0 = Release|Any CPU
		{3668A064-BE7B-474A-8A31-23C3ED47A6B4}.Release|AnyCPU.ActiveCfg = Release|Any CPU
		{3668A064-BE7B-474A-8A31-23C3ED47A6B4}.Release|AnyCPU.Build.0 = Release|Any CPU
		{3668A064-BE7B-474A-8A31-23C3ED47A6B4}.Release|x86.ActiveCfg = Release|Any CPU
		{3668A064-BE7B-474A-8A31-23C3ED47A6B4}.Release|x86.Build.0 = Release|Any CPU
		{C0705BFD-2855-4753-83FA-0CB17C3AE5E6}.Debug|Any CPU.ActiveCfg = Debug|Any CPU
		{C0705BFD-2855-4753-83FA-0CB17C3AE5E6}.Debug|Any CPU.Build.0 = Debug|Any CPU
		{C0705BFD-2855-4753-83FA-0CB17C3AE5E6}.Debug|AnyCPU.ActiveCfg = Debug|Any CPU
		{C0705BFD-2855-4753-83FA-0CB17C3AE5E6}.Debug|AnyCPU.Build.0 = Debug|Any CPU
		{C0705BFD-2855-4753-83FA-0CB17C3AE5E6}.Debug|x86.ActiveCfg = Debug|Any CPU
		{C0705BFD-2855-4753-83FA-0CB17C3AE5E6}.Debug|x86.Build.0 = Debug|Any CPU
		{C0705BFD-2855-4753-83FA-0CB17C3AE5E6}.Release|Any CPU.ActiveCfg = Release|Any CPU
		{C0705BFD-2855-4753-83FA-0CB17C3AE5E6}.Release|Any CPU.Build.0 = Release|Any CPU
		{C0705BFD-2855-4753-83FA-0CB17C3AE5E6}.Release|AnyCPU.ActiveCfg = Release|Any CPU
		{C0705BFD-2855-4753-83FA-0CB17C3AE5E6}.Release|AnyCPU.Build.0 = Release|Any CPU
		{C0705BFD-2855-4753-83FA-0CB17C3AE5E6}.Release|x86.ActiveCfg = Release|Any CPU
		{C0705BFD-2855-4753-83FA-0CB17C3AE5E6}.Release|x86.Build.0 = Release|Any CPU
		{8CF40328-1E20-4913-94DC-043B6DB9A65E}.Debug|Any CPU.ActiveCfg = Debug|Any CPU
		{8CF40328-1E20-4913-94DC-043B6DB9A65E}.Debug|Any CPU.Build.0 = Debug|Any CPU
		{8CF40328-1E20-4913-94DC-043B6DB9A65E}.Debug|AnyCPU.ActiveCfg = Debug|Any CPU
		{8CF40328-1E20-4913-94DC-043B6DB9A65E}.Debug|AnyCPU.Build.0 = Debug|Any CPU
		{8CF40328-1E20-4913-94DC-043B6DB9A65E}.Debug|x86.ActiveCfg = Debug|Any CPU
		{8CF40328-1E20-4913-94DC-043B6DB9A65E}.Debug|x86.Build.0 = Debug|Any CPU
		{8CF40328-1E20-4913-94DC-043B6DB9A65E}.Release|Any CPU.ActiveCfg = Release|Any CPU
		{8CF40328-1E20-4913-94DC-043B6DB9A65E}.Release|Any CPU.Build.0 = Release|Any CPU
		{8CF40328-1E20-4913-94DC-043B6DB9A65E}.Release|AnyCPU.ActiveCfg = Release|Any CPU
		{8CF40328-1E20-4913-94DC-043B6DB9A65E}.Release|AnyCPU.Build.0 = Release|Any CPU
		{8CF40328-1E20-4913-94DC-043B6DB9A65E}.Release|x86.ActiveCfg = Release|Any CPU
		{8CF40328-1E20-4913-94DC-043B6DB9A65E}.Release|x86.Build.0 = Release|Any CPU
		{1DC9882B-135C-462F-914B-AB004309E1FC}.Debug|Any CPU.ActiveCfg = Debug|Any CPU
		{1DC9882B-135C-462F-914B-AB004309E1FC}.Debug|Any CPU.Build.0 = Debug|Any CPU
		{1DC9882B-135C-462F-914B-AB004309E1FC}.Debug|AnyCPU.ActiveCfg = Debug|Any CPU
		{1DC9882B-135C-462F-914B-AB004309E1FC}.Debug|AnyCPU.Build.0 = Debug|Any CPU
		{1DC9882B-135C-462F-914B-AB004309E1FC}.Debug|x86.ActiveCfg = Debug|Any CPU
		{1DC9882B-135C-462F-914B-AB004309E1FC}.Debug|x86.Build.0 = Debug|Any CPU
		{1DC9882B-135C-462F-914B-AB004309E1FC}.Release|Any CPU.ActiveCfg = Release|Any CPU
		{1DC9882B-135C-462F-914B-AB004309E1FC}.Release|Any CPU.Build.0 = Release|Any CPU
		{1DC9882B-135C-462F-914B-AB004309E1FC}.Release|AnyCPU.ActiveCfg = Release|Any CPU
		{1DC9882B-135C-462F-914B-AB004309E1FC}.Release|AnyCPU.Build.0 = Release|Any CPU
		{1DC9882B-135C-462F-914B-AB004309E1FC}.Release|x86.ActiveCfg = Release|Any CPU
		{1DC9882B-135C-462F-914B-AB004309E1FC}.Release|x86.Build.0 = Release|Any CPU
		{D5A260CB-5FED-40DB-9511-7A68CCFEA72E}.Debug|Any CPU.ActiveCfg = Debug|Any CPU
		{D5A260CB-5FED-40DB-9511-7A68CCFEA72E}.Debug|Any CPU.Build.0 = Debug|Any CPU
		{D5A260CB-5FED-40DB-9511-7A68CCFEA72E}.Debug|AnyCPU.ActiveCfg = Debug|Any CPU
		{D5A260CB-5FED-40DB-9511-7A68CCFEA72E}.Debug|AnyCPU.Build.0 = Debug|Any CPU
		{D5A260CB-5FED-40DB-9511-7A68CCFEA72E}.Debug|x86.ActiveCfg = Debug|Any CPU
		{D5A260CB-5FED-40DB-9511-7A68CCFEA72E}.Debug|x86.Build.0 = Debug|Any CPU
		{D5A260CB-5FED-40DB-9511-7A68CCFEA72E}.Release|Any CPU.ActiveCfg = Release|Any CPU
		{D5A260CB-5FED-40DB-9511-7A68CCFEA72E}.Release|Any CPU.Build.0 = Release|Any CPU
		{D5A260CB-5FED-40DB-9511-7A68CCFEA72E}.Release|AnyCPU.ActiveCfg = Release|Any CPU
		{D5A260CB-5FED-40DB-9511-7A68CCFEA72E}.Release|AnyCPU.Build.0 = Release|Any CPU
		{D5A260CB-5FED-40DB-9511-7A68CCFEA72E}.Release|x86.ActiveCfg = Release|Any CPU
		{D5A260CB-5FED-40DB-9511-7A68CCFEA72E}.Release|x86.Build.0 = Release|Any CPU
		{285D8176-9724-4BFB-9336-58F2FB3B8512}.Debug|Any CPU.ActiveCfg = Debug|Any CPU
		{285D8176-9724-4BFB-9336-58F2FB3B8512}.Debug|Any CPU.Build.0 = Debug|Any CPU
		{285D8176-9724-4BFB-9336-58F2FB3B8512}.Debug|AnyCPU.ActiveCfg = Debug|Any CPU
		{285D8176-9724-4BFB-9336-58F2FB3B8512}.Debug|AnyCPU.Build.0 = Debug|Any CPU
		{285D8176-9724-4BFB-9336-58F2FB3B8512}.Debug|x86.ActiveCfg = Debug|Any CPU
		{285D8176-9724-4BFB-9336-58F2FB3B8512}.Debug|x86.Build.0 = Debug|Any CPU
		{285D8176-9724-4BFB-9336-58F2FB3B8512}.Release|Any CPU.ActiveCfg = Release|Any CPU
		{285D8176-9724-4BFB-9336-58F2FB3B8512}.Release|Any CPU.Build.0 = Release|Any CPU
		{285D8176-9724-4BFB-9336-58F2FB3B8512}.Release|AnyCPU.ActiveCfg = Release|Any CPU
		{285D8176-9724-4BFB-9336-58F2FB3B8512}.Release|AnyCPU.Build.0 = Release|Any CPU
		{285D8176-9724-4BFB-9336-58F2FB3B8512}.Release|x86.ActiveCfg = Release|Any CPU
		{285D8176-9724-4BFB-9336-58F2FB3B8512}.Release|x86.Build.0 = Release|Any CPU
		{C5AEC266-F2AB-403C-9F76-39A84614A367}.Debug|Any CPU.ActiveCfg = Debug|Any CPU
		{C5AEC266-F2AB-403C-9F76-39A84614A367}.Debug|Any CPU.Build.0 = Debug|Any CPU
		{C5AEC266-F2AB-403C-9F76-39A84614A367}.Debug|AnyCPU.ActiveCfg = Debug|Any CPU
		{C5AEC266-F2AB-403C-9F76-39A84614A367}.Debug|AnyCPU.Build.0 = Debug|Any CPU
		{C5AEC266-F2AB-403C-9F76-39A84614A367}.Debug|x86.ActiveCfg = Debug|Any CPU
		{C5AEC266-F2AB-403C-9F76-39A84614A367}.Debug|x86.Build.0 = Debug|Any CPU
		{C5AEC266-F2AB-403C-9F76-39A84614A367}.Release|Any CPU.ActiveCfg = Release|Any CPU
		{C5AEC266-F2AB-403C-9F76-39A84614A367}.Release|Any CPU.Build.0 = Release|Any CPU
		{C5AEC266-F2AB-403C-9F76-39A84614A367}.Release|AnyCPU.ActiveCfg = Release|Any CPU
		{C5AEC266-F2AB-403C-9F76-39A84614A367}.Release|AnyCPU.Build.0 = Release|Any CPU
		{C5AEC266-F2AB-403C-9F76-39A84614A367}.Release|x86.ActiveCfg = Release|Any CPU
		{C5AEC266-F2AB-403C-9F76-39A84614A367}.Release|x86.Build.0 = Release|Any CPU
		{28AEF962-E1B0-4003-8AAE-E876593F9CBB}.Debug|Any CPU.ActiveCfg = Debug|Any CPU
		{28AEF962-E1B0-4003-8AAE-E876593F9CBB}.Debug|Any CPU.Build.0 = Debug|Any CPU
		{28AEF962-E1B0-4003-8AAE-E876593F9CBB}.Debug|AnyCPU.ActiveCfg = Debug|Any CPU
		{28AEF962-E1B0-4003-8AAE-E876593F9CBB}.Debug|AnyCPU.Build.0 = Debug|Any CPU
		{28AEF962-E1B0-4003-8AAE-E876593F9CBB}.Debug|x86.ActiveCfg = Debug|Any CPU
		{28AEF962-E1B0-4003-8AAE-E876593F9CBB}.Debug|x86.Build.0 = Debug|Any CPU
		{28AEF962-E1B0-4003-8AAE-E876593F9CBB}.Release|Any CPU.ActiveCfg = Debug|Any CPU
		{28AEF962-E1B0-4003-8AAE-E876593F9CBB}.Release|Any CPU.Build.0 = Debug|Any CPU
		{28AEF962-E1B0-4003-8AAE-E876593F9CBB}.Release|AnyCPU.ActiveCfg = Debug|Any CPU
		{28AEF962-E1B0-4003-8AAE-E876593F9CBB}.Release|AnyCPU.Build.0 = Debug|Any CPU
		{28AEF962-E1B0-4003-8AAE-E876593F9CBB}.Release|x86.ActiveCfg = Debug|Any CPU
		{28AEF962-E1B0-4003-8AAE-E876593F9CBB}.Release|x86.Build.0 = Debug|Any CPU
		{BF708E97-B645-4A05-A477-3EF298A29EFB}.Debug|Any CPU.ActiveCfg = Debug|Any CPU
		{BF708E97-B645-4A05-A477-3EF298A29EFB}.Debug|Any CPU.Build.0 = Debug|Any CPU
		{BF708E97-B645-4A05-A477-3EF298A29EFB}.Debug|AnyCPU.ActiveCfg = Debug|Any CPU
		{BF708E97-B645-4A05-A477-3EF298A29EFB}.Debug|AnyCPU.Build.0 = Debug|Any CPU
		{BF708E97-B645-4A05-A477-3EF298A29EFB}.Debug|x86.ActiveCfg = Debug|Any CPU
		{BF708E97-B645-4A05-A477-3EF298A29EFB}.Debug|x86.Build.0 = Debug|Any CPU
		{BF708E97-B645-4A05-A477-3EF298A29EFB}.Release|Any CPU.ActiveCfg = Release|Any CPU
		{BF708E97-B645-4A05-A477-3EF298A29EFB}.Release|Any CPU.Build.0 = Release|Any CPU
		{BF708E97-B645-4A05-A477-3EF298A29EFB}.Release|AnyCPU.ActiveCfg = Release|Any CPU
		{BF708E97-B645-4A05-A477-3EF298A29EFB}.Release|AnyCPU.Build.0 = Release|Any CPU
		{BF708E97-B645-4A05-A477-3EF298A29EFB}.Release|x86.ActiveCfg = Release|Any CPU
		{BF708E97-B645-4A05-A477-3EF298A29EFB}.Release|x86.Build.0 = Release|Any CPU
		{B45E7BA3-5FBE-44DB-A260-FDC513191584}.Debug|Any CPU.ActiveCfg = Debug|Any CPU
		{B45E7BA3-5FBE-44DB-A260-FDC513191584}.Debug|Any CPU.Build.0 = Debug|Any CPU
		{B45E7BA3-5FBE-44DB-A260-FDC513191584}.Debug|AnyCPU.ActiveCfg = Debug|Any CPU
		{B45E7BA3-5FBE-44DB-A260-FDC513191584}.Debug|AnyCPU.Build.0 = Debug|Any CPU
		{B45E7BA3-5FBE-44DB-A260-FDC513191584}.Debug|x86.ActiveCfg = Debug|Any CPU
		{B45E7BA3-5FBE-44DB-A260-FDC513191584}.Debug|x86.Build.0 = Debug|Any CPU
		{B45E7BA3-5FBE-44DB-A260-FDC513191584}.Release|Any CPU.ActiveCfg = Release|Any CPU
		{B45E7BA3-5FBE-44DB-A260-FDC513191584}.Release|Any CPU.Build.0 = Release|Any CPU
		{B45E7BA3-5FBE-44DB-A260-FDC513191584}.Release|AnyCPU.ActiveCfg = Release|Any CPU
		{B45E7BA3-5FBE-44DB-A260-FDC513191584}.Release|AnyCPU.Build.0 = Release|Any CPU
		{B45E7BA3-5FBE-44DB-A260-FDC513191584}.Release|x86.ActiveCfg = Release|Any CPU
		{B45E7BA3-5FBE-44DB-A260-FDC513191584}.Release|x86.Build.0 = Release|Any CPU
		{BEF5C066-FE0E-42C0-AE44-747C996D9E63}.Debug|Any CPU.ActiveCfg = Debug|Any CPU
		{BEF5C066-FE0E-42C0-AE44-747C996D9E63}.Debug|Any CPU.Build.0 = Debug|Any CPU
		{BEF5C066-FE0E-42C0-AE44-747C996D9E63}.Debug|AnyCPU.ActiveCfg = Debug|Any CPU
		{BEF5C066-FE0E-42C0-AE44-747C996D9E63}.Debug|AnyCPU.Build.0 = Debug|Any CPU
		{BEF5C066-FE0E-42C0-AE44-747C996D9E63}.Debug|x86.ActiveCfg = Debug|Any CPU
		{BEF5C066-FE0E-42C0-AE44-747C996D9E63}.Debug|x86.Build.0 = Debug|Any CPU
		{BEF5C066-FE0E-42C0-AE44-747C996D9E63}.Release|Any CPU.ActiveCfg = Release|Any CPU
		{BEF5C066-FE0E-42C0-AE44-747C996D9E63}.Release|Any CPU.Build.0 = Release|Any CPU
		{BEF5C066-FE0E-42C0-AE44-747C996D9E63}.Release|AnyCPU.ActiveCfg = Release|Any CPU
		{BEF5C066-FE0E-42C0-AE44-747C996D9E63}.Release|AnyCPU.Build.0 = Release|Any CPU
		{BEF5C066-FE0E-42C0-AE44-747C996D9E63}.Release|x86.ActiveCfg = Release|Any CPU
		{BEF5C066-FE0E-42C0-AE44-747C996D9E63}.Release|x86.Build.0 = Release|Any CPU
		{3212E2FD-B7DF-47DA-92E2-CF9AF50EEC27}.Debug|Any CPU.ActiveCfg = Debug|Any CPU
		{3212E2FD-B7DF-47DA-92E2-CF9AF50EEC27}.Debug|Any CPU.Build.0 = Debug|Any CPU
		{3212E2FD-B7DF-47DA-92E2-CF9AF50EEC27}.Debug|AnyCPU.ActiveCfg = Debug|Any CPU
		{3212E2FD-B7DF-47DA-92E2-CF9AF50EEC27}.Debug|AnyCPU.Build.0 = Debug|Any CPU
		{3212E2FD-B7DF-47DA-92E2-CF9AF50EEC27}.Debug|x86.ActiveCfg = Debug|Any CPU
		{3212E2FD-B7DF-47DA-92E2-CF9AF50EEC27}.Debug|x86.Build.0 = Debug|Any CPU
		{3212E2FD-B7DF-47DA-92E2-CF9AF50EEC27}.Release|Any CPU.ActiveCfg = Release|Any CPU
		{3212E2FD-B7DF-47DA-92E2-CF9AF50EEC27}.Release|Any CPU.Build.0 = Release|Any CPU
		{3212E2FD-B7DF-47DA-92E2-CF9AF50EEC27}.Release|AnyCPU.ActiveCfg = Release|Any CPU
		{3212E2FD-B7DF-47DA-92E2-CF9AF50EEC27}.Release|AnyCPU.Build.0 = Release|Any CPU
		{3212E2FD-B7DF-47DA-92E2-CF9AF50EEC27}.Release|x86.ActiveCfg = Release|Any CPU
		{3212E2FD-B7DF-47DA-92E2-CF9AF50EEC27}.Release|x86.Build.0 = Release|Any CPU
		{84DD54F3-B686-4000-8289-C4D9C46CAB61}.Debug|Any CPU.ActiveCfg = Debug|Any CPU
		{84DD54F3-B686-4000-8289-C4D9C46CAB61}.Debug|Any CPU.Build.0 = Debug|Any CPU
		{84DD54F3-B686-4000-8289-C4D9C46CAB61}.Debug|AnyCPU.ActiveCfg = Debug|Any CPU
		{84DD54F3-B686-4000-8289-C4D9C46CAB61}.Debug|AnyCPU.Build.0 = Debug|Any CPU
		{84DD54F3-B686-4000-8289-C4D9C46CAB61}.Debug|x86.ActiveCfg = Debug|Any CPU
		{84DD54F3-B686-4000-8289-C4D9C46CAB61}.Debug|x86.Build.0 = Debug|Any CPU
		{84DD54F3-B686-4000-8289-C4D9C46CAB61}.Release|Any CPU.ActiveCfg = Release|Any CPU
		{84DD54F3-B686-4000-8289-C4D9C46CAB61}.Release|Any CPU.Build.0 = Release|Any CPU
		{84DD54F3-B686-4000-8289-C4D9C46CAB61}.Release|AnyCPU.ActiveCfg = Release|Any CPU
		{84DD54F3-B686-4000-8289-C4D9C46CAB61}.Release|AnyCPU.Build.0 = Release|Any CPU
		{84DD54F3-B686-4000-8289-C4D9C46CAB61}.Release|x86.ActiveCfg = Release|Any CPU
		{84DD54F3-B686-4000-8289-C4D9C46CAB61}.Release|x86.Build.0 = Release|Any CPU
		{60FB9368-6354-4251-9A80-D7293A759051}.Debug|Any CPU.ActiveCfg = Debug|Any CPU
		{60FB9368-6354-4251-9A80-D7293A759051}.Debug|Any CPU.Build.0 = Debug|Any CPU
		{60FB9368-6354-4251-9A80-D7293A759051}.Debug|AnyCPU.ActiveCfg = Debug|Any CPU
		{60FB9368-6354-4251-9A80-D7293A759051}.Debug|AnyCPU.Build.0 = Debug|Any CPU
		{60FB9368-6354-4251-9A80-D7293A759051}.Debug|x86.ActiveCfg = Debug|Any CPU
		{60FB9368-6354-4251-9A80-D7293A759051}.Debug|x86.Build.0 = Debug|Any CPU
		{60FB9368-6354-4251-9A80-D7293A759051}.Release|Any CPU.ActiveCfg = Release|Any CPU
		{60FB9368-6354-4251-9A80-D7293A759051}.Release|Any CPU.Build.0 = Release|Any CPU
		{60FB9368-6354-4251-9A80-D7293A759051}.Release|AnyCPU.ActiveCfg = Release|Any CPU
		{60FB9368-6354-4251-9A80-D7293A759051}.Release|AnyCPU.Build.0 = Release|Any CPU
		{60FB9368-6354-4251-9A80-D7293A759051}.Release|x86.ActiveCfg = Release|Any CPU
		{60FB9368-6354-4251-9A80-D7293A759051}.Release|x86.Build.0 = Release|Any CPU
		{F6A41A8D-77CD-47F0-B564-BCFDC09F639C}.Debug|Any CPU.ActiveCfg = Debug|Any CPU
		{F6A41A8D-77CD-47F0-B564-BCFDC09F639C}.Debug|Any CPU.Build.0 = Debug|Any CPU
		{F6A41A8D-77CD-47F0-B564-BCFDC09F639C}.Debug|AnyCPU.ActiveCfg = Debug|Any CPU
		{F6A41A8D-77CD-47F0-B564-BCFDC09F639C}.Debug|AnyCPU.Build.0 = Debug|Any CPU
		{F6A41A8D-77CD-47F0-B564-BCFDC09F639C}.Debug|x86.ActiveCfg = Debug|Any CPU
		{F6A41A8D-77CD-47F0-B564-BCFDC09F639C}.Debug|x86.Build.0 = Debug|Any CPU
		{F6A41A8D-77CD-47F0-B564-BCFDC09F639C}.Release|Any CPU.ActiveCfg = Release|Any CPU
		{F6A41A8D-77CD-47F0-B564-BCFDC09F639C}.Release|Any CPU.Build.0 = Release|Any CPU
		{F6A41A8D-77CD-47F0-B564-BCFDC09F639C}.Release|AnyCPU.ActiveCfg = Release|Any CPU
		{F6A41A8D-77CD-47F0-B564-BCFDC09F639C}.Release|AnyCPU.Build.0 = Release|Any CPU
		{F6A41A8D-77CD-47F0-B564-BCFDC09F639C}.Release|x86.ActiveCfg = Release|Any CPU
		{F6A41A8D-77CD-47F0-B564-BCFDC09F639C}.Release|x86.Build.0 = Release|Any CPU
		{8A443B78-BAEC-417D-9F5C-189B291A5610}.Debug|Any CPU.ActiveCfg = Debug|Any CPU
		{8A443B78-BAEC-417D-9F5C-189B291A5610}.Debug|Any CPU.Build.0 = Debug|Any CPU
		{8A443B78-BAEC-417D-9F5C-189B291A5610}.Debug|AnyCPU.ActiveCfg = Debug|Any CPU
		{8A443B78-BAEC-417D-9F5C-189B291A5610}.Debug|AnyCPU.Build.0 = Debug|Any CPU
		{8A443B78-BAEC-417D-9F5C-189B291A5610}.Debug|x86.ActiveCfg = Debug|Any CPU
		{8A443B78-BAEC-417D-9F5C-189B291A5610}.Debug|x86.Build.0 = Debug|Any CPU
		{8A443B78-BAEC-417D-9F5C-189B291A5610}.Release|Any CPU.ActiveCfg = Release|Any CPU
		{8A443B78-BAEC-417D-9F5C-189B291A5610}.Release|Any CPU.Build.0 = Release|Any CPU
		{8A443B78-BAEC-417D-9F5C-189B291A5610}.Release|AnyCPU.ActiveCfg = Release|Any CPU
		{8A443B78-BAEC-417D-9F5C-189B291A5610}.Release|AnyCPU.Build.0 = Release|Any CPU
		{8A443B78-BAEC-417D-9F5C-189B291A5610}.Release|x86.ActiveCfg = Release|Any CPU
		{8A443B78-BAEC-417D-9F5C-189B291A5610}.Release|x86.Build.0 = Release|Any CPU
		{0074A069-85EB-4061-970E-3D4FBCB82362}.Debug|Any CPU.ActiveCfg = Debug|Any CPU
		{0074A069-85EB-4061-970E-3D4FBCB82362}.Debug|Any CPU.Build.0 = Debug|Any CPU
		{0074A069-85EB-4061-970E-3D4FBCB82362}.Debug|AnyCPU.ActiveCfg = Debug|Any CPU
		{0074A069-85EB-4061-970E-3D4FBCB82362}.Debug|AnyCPU.Build.0 = Debug|Any CPU
		{0074A069-85EB-4061-970E-3D4FBCB82362}.Debug|x86.ActiveCfg = Debug|Any CPU
		{0074A069-85EB-4061-970E-3D4FBCB82362}.Debug|x86.Build.0 = Debug|Any CPU
		{0074A069-85EB-4061-970E-3D4FBCB82362}.Release|Any CPU.ActiveCfg = Release|Any CPU
		{0074A069-85EB-4061-970E-3D4FBCB82362}.Release|Any CPU.Build.0 = Release|Any CPU
		{0074A069-85EB-4061-970E-3D4FBCB82362}.Release|AnyCPU.ActiveCfg = Release|Any CPU
		{0074A069-85EB-4061-970E-3D4FBCB82362}.Release|AnyCPU.Build.0 = Release|Any CPU
		{0074A069-85EB-4061-970E-3D4FBCB82362}.Release|x86.ActiveCfg = Release|Any CPU
		{0074A069-85EB-4061-970E-3D4FBCB82362}.Release|x86.Build.0 = Release|Any CPU
		{AF028627-BE19-452B-AF0F-3B0D124BE01D}.Debug|Any CPU.ActiveCfg = Debug|Any CPU
		{AF028627-BE19-452B-AF0F-3B0D124BE01D}.Debug|Any CPU.Build.0 = Debug|Any CPU
		{AF028627-BE19-452B-AF0F-3B0D124BE01D}.Debug|AnyCPU.ActiveCfg = Debug|Any CPU
		{AF028627-BE19-452B-AF0F-3B0D124BE01D}.Debug|AnyCPU.Build.0 = Debug|Any CPU
		{AF028627-BE19-452B-AF0F-3B0D124BE01D}.Debug|x86.ActiveCfg = Debug|Any CPU
		{AF028627-BE19-452B-AF0F-3B0D124BE01D}.Debug|x86.Build.0 = Debug|Any CPU
		{AF028627-BE19-452B-AF0F-3B0D124BE01D}.Release|Any CPU.ActiveCfg = Release|Any CPU
		{AF028627-BE19-452B-AF0F-3B0D124BE01D}.Release|Any CPU.Build.0 = Release|Any CPU
		{AF028627-BE19-452B-AF0F-3B0D124BE01D}.Release|AnyCPU.ActiveCfg = Release|Any CPU
		{AF028627-BE19-452B-AF0F-3B0D124BE01D}.Release|AnyCPU.Build.0 = Release|Any CPU
		{AF028627-BE19-452B-AF0F-3B0D124BE01D}.Release|x86.ActiveCfg = Release|Any CPU
		{AF028627-BE19-452B-AF0F-3B0D124BE01D}.Release|x86.Build.0 = Release|Any CPU
		{9A59D775-B108-47B6-826A-584EFFED29BA}.Debug|Any CPU.ActiveCfg = Debug|Any CPU
		{9A59D775-B108-47B6-826A-584EFFED29BA}.Debug|Any CPU.Build.0 = Debug|Any CPU
		{9A59D775-B108-47B6-826A-584EFFED29BA}.Debug|AnyCPU.ActiveCfg = Debug|Any CPU
		{9A59D775-B108-47B6-826A-584EFFED29BA}.Debug|AnyCPU.Build.0 = Debug|Any CPU
		{9A59D775-B108-47B6-826A-584EFFED29BA}.Debug|x86.ActiveCfg = Debug|Any CPU
		{9A59D775-B108-47B6-826A-584EFFED29BA}.Debug|x86.Build.0 = Debug|Any CPU
		{9A59D775-B108-47B6-826A-584EFFED29BA}.Release|Any CPU.ActiveCfg = Debug|Any CPU
		{9A59D775-B108-47B6-826A-584EFFED29BA}.Release|Any CPU.Build.0 = Debug|Any CPU
		{9A59D775-B108-47B6-826A-584EFFED29BA}.Release|AnyCPU.ActiveCfg = Debug|Any CPU
		{9A59D775-B108-47B6-826A-584EFFED29BA}.Release|AnyCPU.Build.0 = Debug|Any CPU
		{9A59D775-B108-47B6-826A-584EFFED29BA}.Release|x86.ActiveCfg = Debug|Any CPU
		{9A59D775-B108-47B6-826A-584EFFED29BA}.Release|x86.Build.0 = Debug|Any CPU
		{C9D5ECB8-7F92-45E0-9CE4-6A3CE614F4B8}.Debug|Any CPU.ActiveCfg = Debug|Any CPU
		{C9D5ECB8-7F92-45E0-9CE4-6A3CE614F4B8}.Debug|Any CPU.Build.0 = Debug|Any CPU
		{C9D5ECB8-7F92-45E0-9CE4-6A3CE614F4B8}.Debug|AnyCPU.ActiveCfg = Debug|Any CPU
		{C9D5ECB8-7F92-45E0-9CE4-6A3CE614F4B8}.Debug|AnyCPU.Build.0 = Debug|Any CPU
		{C9D5ECB8-7F92-45E0-9CE4-6A3CE614F4B8}.Debug|x86.ActiveCfg = Debug|Any CPU
		{C9D5ECB8-7F92-45E0-9CE4-6A3CE614F4B8}.Debug|x86.Build.0 = Debug|Any CPU
		{C9D5ECB8-7F92-45E0-9CE4-6A3CE614F4B8}.Release|Any CPU.ActiveCfg = Release|Any CPU
		{C9D5ECB8-7F92-45E0-9CE4-6A3CE614F4B8}.Release|Any CPU.Build.0 = Release|Any CPU
		{C9D5ECB8-7F92-45E0-9CE4-6A3CE614F4B8}.Release|AnyCPU.ActiveCfg = Release|Any CPU
		{C9D5ECB8-7F92-45E0-9CE4-6A3CE614F4B8}.Release|AnyCPU.Build.0 = Release|Any CPU
		{C9D5ECB8-7F92-45E0-9CE4-6A3CE614F4B8}.Release|x86.ActiveCfg = Release|Any CPU
		{C9D5ECB8-7F92-45E0-9CE4-6A3CE614F4B8}.Release|x86.Build.0 = Release|Any CPU
		{9F78C49A-31BF-48C1-9A51-046C1D068F81}.Debug|Any CPU.ActiveCfg = Debug|Any CPU
		{9F78C49A-31BF-48C1-9A51-046C1D068F81}.Debug|Any CPU.Build.0 = Debug|Any CPU
		{9F78C49A-31BF-48C1-9A51-046C1D068F81}.Debug|AnyCPU.ActiveCfg = Debug|Any CPU
		{9F78C49A-31BF-48C1-9A51-046C1D068F81}.Debug|AnyCPU.Build.0 = Debug|Any CPU
		{9F78C49A-31BF-48C1-9A51-046C1D068F81}.Debug|x86.ActiveCfg = Debug|Any CPU
		{9F78C49A-31BF-48C1-9A51-046C1D068F81}.Debug|x86.Build.0 = Debug|Any CPU
		{9F78C49A-31BF-48C1-9A51-046C1D068F81}.Release|Any CPU.ActiveCfg = Release|Any CPU
		{9F78C49A-31BF-48C1-9A51-046C1D068F81}.Release|Any CPU.Build.0 = Release|Any CPU
		{9F78C49A-31BF-48C1-9A51-046C1D068F81}.Release|AnyCPU.ActiveCfg = Release|Any CPU
		{9F78C49A-31BF-48C1-9A51-046C1D068F81}.Release|AnyCPU.Build.0 = Release|Any CPU
		{9F78C49A-31BF-48C1-9A51-046C1D068F81}.Release|x86.ActiveCfg = Release|Any CPU
		{9F78C49A-31BF-48C1-9A51-046C1D068F81}.Release|x86.Build.0 = Release|Any CPU
		{AE7AF0E7-5365-446E-A7ED-7C2DB65760FF}.Debug|Any CPU.ActiveCfg = Debug|Any CPU
		{AE7AF0E7-5365-446E-A7ED-7C2DB65760FF}.Debug|Any CPU.Build.0 = Debug|Any CPU
		{AE7AF0E7-5365-446E-A7ED-7C2DB65760FF}.Debug|AnyCPU.ActiveCfg = Debug|Any CPU
		{AE7AF0E7-5365-446E-A7ED-7C2DB65760FF}.Debug|AnyCPU.Build.0 = Debug|Any CPU
		{AE7AF0E7-5365-446E-A7ED-7C2DB65760FF}.Debug|x86.ActiveCfg = Debug|Any CPU
		{AE7AF0E7-5365-446E-A7ED-7C2DB65760FF}.Debug|x86.Build.0 = Debug|Any CPU
		{AE7AF0E7-5365-446E-A7ED-7C2DB65760FF}.Release|Any CPU.ActiveCfg = Release|Any CPU
		{AE7AF0E7-5365-446E-A7ED-7C2DB65760FF}.Release|Any CPU.Build.0 = Release|Any CPU
		{AE7AF0E7-5365-446E-A7ED-7C2DB65760FF}.Release|AnyCPU.ActiveCfg = Release|Any CPU
		{AE7AF0E7-5365-446E-A7ED-7C2DB65760FF}.Release|AnyCPU.Build.0 = Release|Any CPU
		{AE7AF0E7-5365-446E-A7ED-7C2DB65760FF}.Release|x86.ActiveCfg = Release|Any CPU
		{AE7AF0E7-5365-446E-A7ED-7C2DB65760FF}.Release|x86.Build.0 = Release|Any CPU
		{A6F717CF-C81F-406E-9B18-F2930FFB4F39}.Debug|Any CPU.ActiveCfg = Debug|Any CPU
		{A6F717CF-C81F-406E-9B18-F2930FFB4F39}.Debug|Any CPU.Build.0 = Debug|Any CPU
		{A6F717CF-C81F-406E-9B18-F2930FFB4F39}.Debug|AnyCPU.ActiveCfg = Debug|Any CPU
		{A6F717CF-C81F-406E-9B18-F2930FFB4F39}.Debug|AnyCPU.Build.0 = Debug|Any CPU
		{A6F717CF-C81F-406E-9B18-F2930FFB4F39}.Debug|x86.ActiveCfg = Debug|Any CPU
		{A6F717CF-C81F-406E-9B18-F2930FFB4F39}.Debug|x86.Build.0 = Debug|Any CPU
		{A6F717CF-C81F-406E-9B18-F2930FFB4F39}.Release|Any CPU.ActiveCfg = Release|Any CPU
		{A6F717CF-C81F-406E-9B18-F2930FFB4F39}.Release|Any CPU.Build.0 = Release|Any CPU
		{A6F717CF-C81F-406E-9B18-F2930FFB4F39}.Release|AnyCPU.ActiveCfg = Release|Any CPU
		{A6F717CF-C81F-406E-9B18-F2930FFB4F39}.Release|AnyCPU.Build.0 = Release|Any CPU
		{A6F717CF-C81F-406E-9B18-F2930FFB4F39}.Release|x86.ActiveCfg = Release|Any CPU
		{A6F717CF-C81F-406E-9B18-F2930FFB4F39}.Release|x86.Build.0 = Release|Any CPU
		{7DE43754-26D3-4FB3-B699-47E51BE6D33B}.Debug|Any CPU.ActiveCfg = Debug|Any CPU
		{7DE43754-26D3-4FB3-B699-47E51BE6D33B}.Debug|Any CPU.Build.0 = Debug|Any CPU
		{7DE43754-26D3-4FB3-B699-47E51BE6D33B}.Debug|AnyCPU.ActiveCfg = Debug|Any CPU
		{7DE43754-26D3-4FB3-B699-47E51BE6D33B}.Debug|AnyCPU.Build.0 = Debug|Any CPU
		{7DE43754-26D3-4FB3-B699-47E51BE6D33B}.Debug|x86.ActiveCfg = Debug|Any CPU
		{7DE43754-26D3-4FB3-B699-47E51BE6D33B}.Debug|x86.Build.0 = Debug|Any CPU
		{7DE43754-26D3-4FB3-B699-47E51BE6D33B}.Release|Any CPU.ActiveCfg = Release|Any CPU
		{7DE43754-26D3-4FB3-B699-47E51BE6D33B}.Release|Any CPU.Build.0 = Release|Any CPU
		{7DE43754-26D3-4FB3-B699-47E51BE6D33B}.Release|AnyCPU.ActiveCfg = Release|Any CPU
		{7DE43754-26D3-4FB3-B699-47E51BE6D33B}.Release|AnyCPU.Build.0 = Release|Any CPU
		{7DE43754-26D3-4FB3-B699-47E51BE6D33B}.Release|x86.ActiveCfg = Release|Any CPU
		{7DE43754-26D3-4FB3-B699-47E51BE6D33B}.Release|x86.Build.0 = Release|Any CPU
		{C9B6BEF6-7566-4A52-A79A-DC22F758A657}.Debug|Any CPU.ActiveCfg = Debug|Any CPU
		{C9B6BEF6-7566-4A52-A79A-DC22F758A657}.Debug|Any CPU.Build.0 = Debug|Any CPU
		{C9B6BEF6-7566-4A52-A79A-DC22F758A657}.Debug|AnyCPU.ActiveCfg = Debug|Any CPU
		{C9B6BEF6-7566-4A52-A79A-DC22F758A657}.Debug|AnyCPU.Build.0 = Debug|Any CPU
		{C9B6BEF6-7566-4A52-A79A-DC22F758A657}.Debug|x86.ActiveCfg = Debug|Any CPU
		{C9B6BEF6-7566-4A52-A79A-DC22F758A657}.Debug|x86.Build.0 = Debug|Any CPU
		{C9B6BEF6-7566-4A52-A79A-DC22F758A657}.Release|Any CPU.ActiveCfg = Release|Any CPU
		{C9B6BEF6-7566-4A52-A79A-DC22F758A657}.Release|Any CPU.Build.0 = Release|Any CPU
		{C9B6BEF6-7566-4A52-A79A-DC22F758A657}.Release|AnyCPU.ActiveCfg = Release|Any CPU
		{C9B6BEF6-7566-4A52-A79A-DC22F758A657}.Release|AnyCPU.Build.0 = Release|Any CPU
		{C9B6BEF6-7566-4A52-A79A-DC22F758A657}.Release|x86.ActiveCfg = Release|Any CPU
		{C9B6BEF6-7566-4A52-A79A-DC22F758A657}.Release|x86.Build.0 = Release|Any CPU
		{DE140815-5E06-4310-A52D-44BB2B40248D}.Debug|Any CPU.ActiveCfg = Debug|Any CPU
		{DE140815-5E06-4310-A52D-44BB2B40248D}.Debug|Any CPU.Build.0 = Debug|Any CPU
		{DE140815-5E06-4310-A52D-44BB2B40248D}.Debug|AnyCPU.ActiveCfg = Debug|Any CPU
		{DE140815-5E06-4310-A52D-44BB2B40248D}.Debug|AnyCPU.Build.0 = Debug|Any CPU
		{DE140815-5E06-4310-A52D-44BB2B40248D}.Debug|x86.ActiveCfg = Debug|Any CPU
		{DE140815-5E06-4310-A52D-44BB2B40248D}.Debug|x86.Build.0 = Debug|Any CPU
		{DE140815-5E06-4310-A52D-44BB2B40248D}.Release|Any CPU.ActiveCfg = Release|Any CPU
		{DE140815-5E06-4310-A52D-44BB2B40248D}.Release|Any CPU.Build.0 = Release|Any CPU
		{DE140815-5E06-4310-A52D-44BB2B40248D}.Release|AnyCPU.ActiveCfg = Release|Any CPU
		{DE140815-5E06-4310-A52D-44BB2B40248D}.Release|AnyCPU.Build.0 = Release|Any CPU
		{DE140815-5E06-4310-A52D-44BB2B40248D}.Release|x86.ActiveCfg = Release|Any CPU
		{DE140815-5E06-4310-A52D-44BB2B40248D}.Release|x86.Build.0 = Release|Any CPU
		{438AB29C-66FB-4C14-8D4C-7F3A80F40F6C}.Debug|Any CPU.ActiveCfg = Debug|Any CPU
		{438AB29C-66FB-4C14-8D4C-7F3A80F40F6C}.Debug|Any CPU.Build.0 = Debug|Any CPU
		{438AB29C-66FB-4C14-8D4C-7F3A80F40F6C}.Debug|AnyCPU.ActiveCfg = Debug|Any CPU
		{438AB29C-66FB-4C14-8D4C-7F3A80F40F6C}.Debug|AnyCPU.Build.0 = Debug|Any CPU
		{438AB29C-66FB-4C14-8D4C-7F3A80F40F6C}.Debug|x86.ActiveCfg = Debug|Any CPU
		{438AB29C-66FB-4C14-8D4C-7F3A80F40F6C}.Debug|x86.Build.0 = Debug|Any CPU
		{438AB29C-66FB-4C14-8D4C-7F3A80F40F6C}.Release|Any CPU.ActiveCfg = Release|Any CPU
		{438AB29C-66FB-4C14-8D4C-7F3A80F40F6C}.Release|Any CPU.Build.0 = Release|Any CPU
		{438AB29C-66FB-4C14-8D4C-7F3A80F40F6C}.Release|AnyCPU.ActiveCfg = Release|Any CPU
		{438AB29C-66FB-4C14-8D4C-7F3A80F40F6C}.Release|AnyCPU.Build.0 = Release|Any CPU
		{438AB29C-66FB-4C14-8D4C-7F3A80F40F6C}.Release|x86.ActiveCfg = Release|Any CPU
		{438AB29C-66FB-4C14-8D4C-7F3A80F40F6C}.Release|x86.Build.0 = Release|Any CPU
	EndGlobalSection
	GlobalSection(SolutionProperties) = preSolution
		HideSolutionNode = FALSE
	EndGlobalSection
	GlobalSection(NestedProjects) = preSolution
		{AD9316D9-4A79-460F-BD28-EA5631CDA045} = {435DD431-1259-4576-802C-781277C51C3C}
		{7F9D447D-CFF5-42BC-AA1E-260D1EBD4117} = {435DD431-1259-4576-802C-781277C51C3C}
		{247F0154-3F6B-409B-BEBA-1BF9302D3B9E} = {AD9316D9-4A79-460F-BD28-EA5631CDA045}
		{3668A064-BE7B-474A-8A31-23C3ED47A6B4} = {7F9D447D-CFF5-42BC-AA1E-260D1EBD4117}
		{C3010EB8-AB96-4987-925E-67F7FF152BD8} = {2A890849-603C-47F4-8718-F61F8889F21A}
		{6F6CF604-506B-46BA-B356-521A99F09638} = {2A890849-603C-47F4-8718-F61F8889F21A}
		{C71D0691-D6BB-4289-AA56-EA48AEE7F971} = {CC766D96-3742-4AB2-9C6B-AB4D15B85EAE}
		{D75A62B6-AE3D-41D6-9C28-004507AFE03E} = {CC766D96-3742-4AB2-9C6B-AB4D15B85EAE}
		{7B678771-2B8F-4220-8CC4-AF9A0A628195} = {743D2E74-C0B8-40F9-A015-045E5822BA06}
		{F4255037-8311-4207-8C39-B8A625CB5B95} = {743D2E74-C0B8-40F9-A015-045E5822BA06}
		{98566A62-1682-4B5D-A407-62D816FFA96F} = {743D2E74-C0B8-40F9-A015-045E5822BA06}
		{7F6A8E8D-D7CA-404B-BA42-F0E97828F17A} = {743D2E74-C0B8-40F9-A015-045E5822BA06}
		{59B83FEE-4C0C-426B-B9E1-25670FC24365} = {743D2E74-C0B8-40F9-A015-045E5822BA06}
		{AC2221C4-63C3-4405-BE08-7442D492BCA1} = {0473E8D7-F4E9-44E8-A400-CDFFFF3738C1}
		{C45FD2B7-2C7A-48F0-8966-F19D1B79B5A9} = {0473E8D7-F4E9-44E8-A400-CDFFFF3738C1}
		{F999FD85-0A6E-4161-B153-695D80B97427} = {0473E8D7-F4E9-44E8-A400-CDFFFF3738C1}
		{FDE39C09-3E0F-4DC3-9A45-04CC579869B7} = {0473E8D7-F4E9-44E8-A400-CDFFFF3738C1}
		{2C9FD20B-A351-4990-A3B4-EF20DA09BDE2} = {0473E8D7-F4E9-44E8-A400-CDFFFF3738C1}
		{C6C8A4A4-6CA6-4793-9742-93B20A9AF9B6} = {0473E8D7-F4E9-44E8-A400-CDFFFF3738C1}
		{7B28CF2B-4455-45A2-A21A-35E395B081C3} = {F84344A7-7044-4FB7-B44A-BEB66D172CD3}
		{31BE75B1-FED9-486C-9405-E212B4E150D6} = {DF9C002E-7212-4692-8831-1381563183F0}
		{FE81F1FF-8001-445E-AEBC-AE1E33B7BF16} = {DF9C002E-7212-4692-8831-1381563183F0}
		{738DFB34-0C76-4F53-8255-751FD2A18025} = {DF9C002E-7212-4692-8831-1381563183F0}
		{C0705BFD-2855-4753-83FA-0CB17C3AE5E6} = {2C9FD20B-A351-4990-A3B4-EF20DA09BDE2}
		{8CF40328-1E20-4913-94DC-043B6DB9A65E} = {C6C8A4A4-6CA6-4793-9742-93B20A9AF9B6}
		{1DC9882B-135C-462F-914B-AB004309E1FC} = {FDE39C09-3E0F-4DC3-9A45-04CC579869B7}
		{D5A260CB-5FED-40DB-9511-7A68CCFEA72E} = {AC2221C4-63C3-4405-BE08-7442D492BCA1}
		{285D8176-9724-4BFB-9336-58F2FB3B8512} = {C45FD2B7-2C7A-48F0-8966-F19D1B79B5A9}
		{C5AEC266-F2AB-403C-9F76-39A84614A367} = {F999FD85-0A6E-4161-B153-695D80B97427}
		{28AEF962-E1B0-4003-8AAE-E876593F9CBB} = {98566A62-1682-4B5D-A407-62D816FFA96F}
		{BF708E97-B645-4A05-A477-3EF298A29EFB} = {7B678771-2B8F-4220-8CC4-AF9A0A628195}
		{616293D5-E8F3-4E9B-9224-31BCC7E0A091} = {7F6A8E8D-D7CA-404B-BA42-F0E97828F17A}
		{D6CA5007-6F3B-4025-9EEC-FD06DCE9D428} = {7F6A8E8D-D7CA-404B-BA42-F0E97828F17A}
		{B45E7BA3-5FBE-44DB-A260-FDC513191584} = {616293D5-E8F3-4E9B-9224-31BCC7E0A091}
		{BEF5C066-FE0E-42C0-AE44-747C996D9E63} = {F4255037-8311-4207-8C39-B8A625CB5B95}
		{F982DD81-2057-44DF-A7C5-1AD7EE105EDC} = {59B83FEE-4C0C-426B-B9E1-25670FC24365}
		{01DE1FC3-AA87-4974-BA63-02E9733ED986} = {59B83FEE-4C0C-426B-B9E1-25670FC24365}
		{7D20196E-6FD7-42C2-94EF-9614484F1C8C} = {59B83FEE-4C0C-426B-B9E1-25670FC24365}
		{3212E2FD-B7DF-47DA-92E2-CF9AF50EEC27} = {F982DD81-2057-44DF-A7C5-1AD7EE105EDC}
		{84DD54F3-B686-4000-8289-C4D9C46CAB61} = {01DE1FC3-AA87-4974-BA63-02E9733ED986}
		{60FB9368-6354-4251-9A80-D7293A759051} = {7D20196E-6FD7-42C2-94EF-9614484F1C8C}
		{F6A41A8D-77CD-47F0-B564-BCFDC09F639C} = {7B28CF2B-4455-45A2-A21A-35E395B081C3}
		{8A443B78-BAEC-417D-9F5C-189B291A5610} = {FE81F1FF-8001-445E-AEBC-AE1E33B7BF16}
		{0074A069-85EB-4061-970E-3D4FBCB82362} = {31BE75B1-FED9-486C-9405-E212B4E150D6}
		{AF028627-BE19-452B-AF0F-3B0D124BE01D} = {738DFB34-0C76-4F53-8255-751FD2A18025}
		{9A59D775-B108-47B6-826A-584EFFED29BA} = {D75A62B6-AE3D-41D6-9C28-004507AFE03E}
		{C9D5ECB8-7F92-45E0-9CE4-6A3CE614F4B8} = {C71D0691-D6BB-4289-AA56-EA48AEE7F971}
		{8E49E7D5-5B9E-421A-831C-6B5B80A30FD8} = {C3010EB8-AB96-4987-925E-67F7FF152BD8}
		{B21A9FA5-75C6-4B2C-9367-742388FB2FED} = {C3010EB8-AB96-4987-925E-67F7FF152BD8}
		{86BE0C5F-B163-45A3-9B8F-EBE997C28678} = {6F6CF604-506B-46BA-B356-521A99F09638}
		{257BFB98-6725-4A20-88B5-39EE0688FADE} = {6F6CF604-506B-46BA-B356-521A99F09638}
		{9F78C49A-31BF-48C1-9A51-046C1D068F81} = {8E49E7D5-5B9E-421A-831C-6B5B80A30FD8}
		{AE7AF0E7-5365-446E-A7ED-7C2DB65760FF} = {B21A9FA5-75C6-4B2C-9367-742388FB2FED}
		{A6F717CF-C81F-406E-9B18-F2930FFB4F39} = {86BE0C5F-B163-45A3-9B8F-EBE997C28678}
		{7DE43754-26D3-4FB3-B699-47E51BE6D33B} = {257BFB98-6725-4A20-88B5-39EE0688FADE}
		{613E7D9B-A1F8-423D-AAB1-B2F3526122D3} = {0473E8D7-F4E9-44E8-A400-CDFFFF3738C1}
		{C9B6BEF6-7566-4A52-A79A-DC22F758A657} = {613E7D9B-A1F8-423D-AAB1-B2F3526122D3}
		{DE140815-5E06-4310-A52D-44BB2B40248D} = {D6CA5007-6F3B-4025-9EEC-FD06DCE9D428}
		{438AB29C-66FB-4C14-8D4C-7F3A80F40F6C} = {591117AE-C87A-41C3-BA40-6749FB92D59D}
	EndGlobalSection
	GlobalSection(ExtensibilityGlobals) = postSolution
		SolutionGuid = {AAAEE60A-5604-415A-960A-AC84B4D84927}
	EndGlobalSection
EndGlobal
