
Microsoft Visual Studio Solution File, Format Version 12.00
# Visual Studio 14
VisualStudioVersion = 14.0.23107.0
MinimumVisualStudioVersion = 10.0.40219.1
Project("{2150E333-8FDC-42A3-9474-1A3956D46DE8}") = "Solution Items", "Solution Items", "{8FBDF5C5-A493-4A1B-A6B6-32DFA7171D86}"
	ProjectSection(SolutionItems) = preProject
		Readme.md = Readme.md
	EndProjectSection
EndProject
Project("{FAE04EC0-301F-11D3-BF4B-00C04F79EFBC}") = "WorkerRole1", "WorkerRole1\WorkerRole1.csproj", "{DAC5ED4E-24BC-4D6D-931A-2ACE81E10336}"
EndProject
Project("{CC5FD16D-436D-48AD-A40C-5A424C6E3E79}") = "PerformanceCounterSetup", "PerformanceCounterSetup\PerformanceCounterSetup.ccproj", "{7A7EA4B5-FD76-4655-9582-FAD3D0A7F603}"
EndProject
Global
	GlobalSection(SolutionConfigurationPlatforms) = preSolution
		Debug|Any CPU = Debug|Any CPU
		Release|Any CPU = Release|Any CPU
	EndGlobalSection
	GlobalSection(ProjectConfigurationPlatforms) = postSolution
		{DAC5ED4E-24BC-4D6D-931A-2ACE81E10336}.Debug|Any CPU.ActiveCfg = Debug|Any CPU
		{DAC5ED4E-24BC-4D6D-931A-2ACE81E10336}.Debug|Any CPU.Build.0 = Debug|Any CPU
		{DAC5ED4E-24BC-4D6D-931A-2ACE81E10336}.Release|Any CPU.ActiveCfg = Release|Any CPU
		{DAC5ED4E-24BC-4D6D-931A-2ACE81E10336}.Release|Any CPU.Build.0 = Release|Any CPU
		{7A7EA4B5-FD76-4655-9582-FAD3D0A7F603}.Debug|Any CPU.ActiveCfg = Debug|Any CPU
		{7A7EA4B5-FD76-4655-9582-FAD3D0A7F603}.Debug|Any CPU.Build.0 = Debug|Any CPU
		{7A7EA4B5-FD76-4655-9582-FAD3D0A7F603}.Release|Any CPU.ActiveCfg = Release|Any CPU
		{7A7EA4B5-FD76-4655-9582-FAD3D0A7F603}.Release|Any CPU.Build.0 = Release|Any CPU
	EndGlobalSection
	GlobalSection(SolutionProperties) = preSolution
		HideSolutionNode = FALSE
	EndGlobalSection
EndGlobal
