
Microsoft Visual Studio Solution File, Format Version 12.00
# Visual Studio 15
VisualStudioVersion = 15.0.27004.2006
MinimumVisualStudioVersion = 10.0.40219.1
Project("{FAE04EC0-301F-11D3-BF4B-00C04F79EFBC}") = "BasicSendReceiveTutorialWithFilters", "BasicSendReceiveTutorialWithFilters\BasicSendReceiveTutorialWithFilters.csproj", "{C548819A-76C5-4A78-A24B-DE296BEB3FFB}"
EndProject
Global
	GlobalSection(SolutionConfigurationPlatforms) = preSolution
		Debug|Any CPU = Debug|Any CPU
		Release|Any CPU = Release|Any CPU
	EndGlobalSection
	GlobalSection(ProjectConfigurationPlatforms) = postSolution
		{C548819A-76C5-4A78-A24B-DE296BEB3FFB}.Debug|Any CPU.ActiveCfg = Debug|Any CPU
		{C548819A-76C5-4A78-A24B-DE296BEB3FFB}.Debug|Any CPU.Build.0 = Debug|Any CPU
		{C548819A-76C5-4A78-A24B-DE296BEB3FFB}.Release|Any CPU.ActiveCfg = Release|Any CPU
		{C548819A-76C5-4A78-A24B-DE296BEB3FFB}.Release|Any CPU.Build.0 = Release|Any CPU
	EndGlobalSection
	GlobalSection(SolutionProperties) = preSolution
		HideSolutionNode = FALSE
	EndGlobalSection
	GlobalSection(ExtensibilityGlobals) = postSolution
		SolutionGuid = {65B83604-FD21-41AE-9745-1EBAB6BE03B8}
	EndGlobalSection
EndGlobal
