
Microsoft Visual Studio Solution File, Format Version 12.00
# Visual Studio 14
VisualStudioVersion = 14.0.24720.0
MinimumVisualStudioVersion = 10.0.40219.1
Project("{FAE04EC0-301F-11D3-BF4B-00C04F79EFBC}") = "TopicFilters", "TopicFilters.csproj", "{1DC9882B-135C-462F-914B-AB004309E1FC}"
EndProject
Project("{2150E333-8FDC-42A3-9474-1A3956D46DE8}") = "Solution Items", "Solution Items", "{5B72C554-96B4-4595-B770-748D37FEE8C6}"
	ProjectSection(SolutionItems) = preProject
		readme.md = readme.md
	EndProjectSection
EndProject
Global
	GlobalSection(SolutionConfigurationPlatforms) = preSolution
		Debug|AnyCPU = Debug|AnyCPU
		Release|AnyCPU = Release|AnyCPU
	EndGlobalSection
	GlobalSection(ProjectConfigurationPlatforms) = postSolution
		{1DC9882B-135C-462F-914B-AB004309E1FC}.Debug|AnyCPU.ActiveCfg = Debug|Any CPU
		{1DC9882B-135C-462F-914B-AB004309E1FC}.Debug|AnyCPU.Build.0 = Debug|Any CPU
		{1DC9882B-135C-462F-914B-AB004309E1FC}.Release|AnyCPU.ActiveCfg = Release|Any CPU
	EndGlobalSection
	GlobalSection(SolutionProperties) = preSolution
		HideSolutionNode = FALSE
	EndGlobalSection
EndGlobal
